// !$*UTF8*$!
{
	archiveVersion = 1;
	classes = {
	};
	objectVersion = 55;
	objects = {

/* Begin PBXBuildFile section */
		EE6FB056274F1A1300ACC6E8 /* PSTUianApp.swift in Sources */ = {isa = PBXBuildFile; fileRef = EE6FB055274F1A1300ACC6E8 /* PSTUianApp.swift */; };
		EE6FB058274F1A1300ACC6E8 /* HomeView.swift in Sources */ = {isa = PBXBuildFile; fileRef = EE6FB057274F1A1300ACC6E8 /* HomeView.swift */; };
		EE6FB05A274F1A1400ACC6E8 /* Assets.xcassets in Resources */ = {isa = PBXBuildFile; fileRef = EE6FB059274F1A1400ACC6E8 /* Assets.xcassets */; };
		EE6FB05D274F1A1400ACC6E8 /* Preview Assets.xcassets in Resources */ = {isa = PBXBuildFile; fileRef = EE6FB05C274F1A1400ACC6E8 /* Preview Assets.xcassets */; };
		EE6FB067274F1A1400ACC6E8 /* PSTUianTests.swift in Sources */ = {isa = PBXBuildFile; fileRef = EE6FB066274F1A1400ACC6E8 /* PSTUianTests.swift */; };
		EE6FB071274F1A1400ACC6E8 /* PSTUianUITests.swift in Sources */ = {isa = PBXBuildFile; fileRef = EE6FB070274F1A1400ACC6E8 /* PSTUianUITests.swift */; };
		EE6FB073274F1A1400ACC6E8 /* PSTUianUITestsLaunchTests.swift in Sources */ = {isa = PBXBuildFile; fileRef = EE6FB072274F1A1400ACC6E8 /* PSTUianUITestsLaunchTests.swift */; };
		EE6FB0C12758E83800ACC6E8 /* SliderModel.swift in Sources */ = {isa = PBXBuildFile; fileRef = EE6FB0C02758E83800ACC6E8 /* SliderModel.swift */; };
		EE6FB0C32758E87D00ACC6E8 /* Constant.swift in Sources */ = {isa = PBXBuildFile; fileRef = EE6FB0C22758E87D00ACC6E8 /* Constant.swift */; };
		EE6FB0C62758E95400ACC6E8 /* ImageSliderItemView.swift in Sources */ = {isa = PBXBuildFile; fileRef = EE6FB0C52758E95400ACC6E8 /* ImageSliderItemView.swift */; };
		EE6FB0C82758EA0500ACC6E8 /* ImageSliderView.swift in Sources */ = {isa = PBXBuildFile; fileRef = EE6FB0C72758EA0500ACC6E8 /* ImageSliderView.swift */; };
		EE6FB0CB2758F50800ACC6E8 /* Color.swift in Sources */ = {isa = PBXBuildFile; fileRef = EE6FB0CA2758F50800ACC6E8 /* Color.swift */; };
/* End PBXBuildFile section */

/* Begin PBXContainerItemProxy section */
		EE6FB063274F1A1400ACC6E8 /* PBXContainerItemProxy */ = {
			isa = PBXContainerItemProxy;
			containerPortal = EE6FB04A274F1A1200ACC6E8 /* Project object */;
			proxyType = 1;
			remoteGlobalIDString = EE6FB051274F1A1200ACC6E8;
			remoteInfo = PSTUian;
		};
		EE6FB06D274F1A1400ACC6E8 /* PBXContainerItemProxy */ = {
			isa = PBXContainerItemProxy;
			containerPortal = EE6FB04A274F1A1200ACC6E8 /* Project object */;
			proxyType = 1;
			remoteGlobalIDString = EE6FB051274F1A1200ACC6E8;
			remoteInfo = PSTUian;
		};
/* End PBXContainerItemProxy section */

/* Begin PBXFileReference section */
		EE6FB052274F1A1200ACC6E8 /* PSTUian.app */ = {isa = PBXFileReference; explicitFileType = wrapper.application; includeInIndex = 0; path = PSTUian.app; sourceTree = BUILT_PRODUCTS_DIR; };
		EE6FB055274F1A1300ACC6E8 /* PSTUianApp.swift */ = {isa = PBXFileReference; lastKnownFileType = sourcecode.swift; path = PSTUianApp.swift; sourceTree = "<group>"; };
		EE6FB057274F1A1300ACC6E8 /* HomeView.swift */ = {isa = PBXFileReference; lastKnownFileType = sourcecode.swift; path = HomeView.swift; sourceTree = "<group>"; };
		EE6FB059274F1A1400ACC6E8 /* Assets.xcassets */ = {isa = PBXFileReference; lastKnownFileType = folder.assetcatalog; path = Assets.xcassets; sourceTree = "<group>"; };
		EE6FB05C274F1A1400ACC6E8 /* Preview Assets.xcassets */ = {isa = PBXFileReference; lastKnownFileType = folder.assetcatalog; path = "Preview Assets.xcassets"; sourceTree = "<group>"; };
		EE6FB062274F1A1400ACC6E8 /* PSTUianTests.xctest */ = {isa = PBXFileReference; explicitFileType = wrapper.cfbundle; includeInIndex = 0; path = PSTUianTests.xctest; sourceTree = BUILT_PRODUCTS_DIR; };
		EE6FB066274F1A1400ACC6E8 /* PSTUianTests.swift */ = {isa = PBXFileReference; lastKnownFileType = sourcecode.swift; path = PSTUianTests.swift; sourceTree = "<group>"; };
		EE6FB06C274F1A1400ACC6E8 /* PSTUianUITests.xctest */ = {isa = PBXFileReference; explicitFileType = wrapper.cfbundle; includeInIndex = 0; path = PSTUianUITests.xctest; sourceTree = BUILT_PRODUCTS_DIR; };
		EE6FB070274F1A1400ACC6E8 /* PSTUianUITests.swift */ = {isa = PBXFileReference; lastKnownFileType = sourcecode.swift; path = PSTUianUITests.swift; sourceTree = "<group>"; };
		EE6FB072274F1A1400ACC6E8 /* PSTUianUITestsLaunchTests.swift */ = {isa = PBXFileReference; lastKnownFileType = sourcecode.swift; path = PSTUianUITestsLaunchTests.swift; sourceTree = "<group>"; };
		EE6FB0C02758E83800ACC6E8 /* SliderModel.swift */ = {isa = PBXFileReference; lastKnownFileType = sourcecode.swift; path = SliderModel.swift; sourceTree = "<group>"; };
		EE6FB0C22758E87D00ACC6E8 /* Constant.swift */ = {isa = PBXFileReference; lastKnownFileType = sourcecode.swift; path = Constant.swift; sourceTree = "<group>"; };
		EE6FB0C52758E95400ACC6E8 /* ImageSliderItemView.swift */ = {isa = PBXFileReference; lastKnownFileType = sourcecode.swift; path = ImageSliderItemView.swift; sourceTree = "<group>"; };
		EE6FB0C72758EA0500ACC6E8 /* ImageSliderView.swift */ = {isa = PBXFileReference; lastKnownFileType = sourcecode.swift; path = ImageSliderView.swift; sourceTree = "<group>"; };
		EE6FB0CA2758F50800ACC6E8 /* Color.swift */ = {isa = PBXFileReference; lastKnownFileType = sourcecode.swift; path = Color.swift; sourceTree = "<group>"; };
/* End PBXFileReference section */

/* Begin PBXFrameworksBuildPhase section */
		EE6FB04F274F1A1200ACC6E8 /* Frameworks */ = {
			isa = PBXFrameworksBuildPhase;
			buildActionMask = 2147483647;
			files = (
			);
			runOnlyForDeploymentPostprocessing = 0;
		};
		EE6FB05F274F1A1400ACC6E8 /* Frameworks */ = {
			isa = PBXFrameworksBuildPhase;
			buildActionMask = 2147483647;
			files = (
			);
			runOnlyForDeploymentPostprocessing = 0;
		};
		EE6FB069274F1A1400ACC6E8 /* Frameworks */ = {
			isa = PBXFrameworksBuildPhase;
			buildActionMask = 2147483647;
			files = (
			);
			runOnlyForDeploymentPostprocessing = 0;
		};
/* End PBXFrameworksBuildPhase section */

/* Begin PBXGroup section */
		EE6FB049274F1A1200ACC6E8 = {
			isa = PBXGroup;
			children = (
				EE6FB054274F1A1200ACC6E8 /* PSTUian */,
				EE6FB065274F1A1400ACC6E8 /* PSTUianTests */,
				EE6FB06F274F1A1400ACC6E8 /* PSTUianUITests */,
				EE6FB053274F1A1200ACC6E8 /* Products */,
			);
			sourceTree = "<group>";
		};
		EE6FB053274F1A1200ACC6E8 /* Products */ = {
			isa = PBXGroup;
			children = (
				EE6FB052274F1A1200ACC6E8 /* PSTUian.app */,
				EE6FB062274F1A1400ACC6E8 /* PSTUianTests.xctest */,
				EE6FB06C274F1A1400ACC6E8 /* PSTUianUITests.xctest */,
			);
			name = Products;
			sourceTree = "<group>";
		};
		EE6FB054274F1A1200ACC6E8 /* PSTUian */ = {
			isa = PBXGroup;
			children = (
				EE6FB0C92758F4FA00ACC6E8 /* Extension */,
				EE6FB0BF2758E81600ACC6E8 /* Model */,
				EE6FB0BE2758E7E300ACC6E8 /* Utility */,
				EE6FB0BD2758E79300ACC6E8 /* Home */,
				EE6FB055274F1A1300ACC6E8 /* PSTUianApp.swift */,
				EE6FB057274F1A1300ACC6E8 /* HomeView.swift */,
				EE6FB059274F1A1400ACC6E8 /* Assets.xcassets */,
				EE6FB05B274F1A1400ACC6E8 /* Preview Content */,
			);
			path = PSTUian;
			sourceTree = "<group>";
		};
		EE6FB05B274F1A1400ACC6E8 /* Preview Content */ = {
			isa = PBXGroup;
			children = (
				EE6FB05C274F1A1400ACC6E8 /* Preview Assets.xcassets */,
			);
			path = "Preview Content";
			sourceTree = "<group>";
		};
		EE6FB065274F1A1400ACC6E8 /* PSTUianTests */ = {
			isa = PBXGroup;
			children = (
				EE6FB066274F1A1400ACC6E8 /* PSTUianTests.swift */,
			);
			path = PSTUianTests;
			sourceTree = "<group>";
		};
		EE6FB06F274F1A1400ACC6E8 /* PSTUianUITests */ = {
			isa = PBXGroup;
			children = (
				EE6FB070274F1A1400ACC6E8 /* PSTUianUITests.swift */,
				EE6FB072274F1A1400ACC6E8 /* PSTUianUITestsLaunchTests.swift */,
			);
			path = PSTUianUITests;
			sourceTree = "<group>";
		};
		EE6FB0BD2758E79300ACC6E8 /* Home */ = {
			isa = PBXGroup;
			children = (
			);
			path = Home;
			sourceTree = "<group>";
		};
		EE6FB0BE2758E7E300ACC6E8 /* Utility */ = {
			isa = PBXGroup;
			children = (
				EE6FB0C42758E93D00ACC6E8 /* imageslider */,
				EE6FB0C22758E87D00ACC6E8 /* Constant.swift */,
			);
			path = Utility;
			sourceTree = "<group>";
		};
		EE6FB0BF2758E81600ACC6E8 /* Model */ = {
			isa = PBXGroup;
			children = (
				EE6FB0C02758E83800ACC6E8 /* SliderModel.swift */,
			);
			path = Model;
			sourceTree = "<group>";
		};
		EE6FB0C42758E93D00ACC6E8 /* imageslider */ = {
			isa = PBXGroup;
			children = (
				EE6FB0C52758E95400ACC6E8 /* ImageSliderItemView.swift */,
				EE6FB0C72758EA0500ACC6E8 /* ImageSliderView.swift */,
			);
			path = imageslider;
			sourceTree = "<group>";
		};
		EE6FB0C92758F4FA00ACC6E8 /* Extension */ = {
			isa = PBXGroup;
			children = (
				EE6FB0CA2758F50800ACC6E8 /* Color.swift */,
			);
			path = Extension;
			sourceTree = "<group>";
		};
/* End PBXGroup section */

/* Begin PBXNativeTarget section */
		EE6FB051274F1A1200ACC6E8 /* PSTUian */ = {
			isa = PBXNativeTarget;
			buildConfigurationList = EE6FB076274F1A1400ACC6E8 /* Build configuration list for PBXNativeTarget "PSTUian" */;
			buildPhases = (
				EE6FB04E274F1A1200ACC6E8 /* Sources */,
				EE6FB04F274F1A1200ACC6E8 /* Frameworks */,
				EE6FB050274F1A1200ACC6E8 /* Resources */,
			);
			buildRules = (
			);
			dependencies = (
			);
			name = PSTUian;
			productName = PSTUian;
			productReference = EE6FB052274F1A1200ACC6E8 /* PSTUian.app */;
			productType = "com.apple.product-type.application";
		};
		EE6FB061274F1A1400ACC6E8 /* PSTUianTests */ = {
			isa = PBXNativeTarget;
			buildConfigurationList = EE6FB079274F1A1400ACC6E8 /* Build configuration list for PBXNativeTarget "PSTUianTests" */;
			buildPhases = (
				EE6FB05E274F1A1400ACC6E8 /* Sources */,
				EE6FB05F274F1A1400ACC6E8 /* Frameworks */,
				EE6FB060274F1A1400ACC6E8 /* Resources */,
			);
			buildRules = (
			);
			dependencies = (
				EE6FB064274F1A1400ACC6E8 /* PBXTargetDependency */,
			);
			name = PSTUianTests;
			productName = PSTUianTests;
			productReference = EE6FB062274F1A1400ACC6E8 /* PSTUianTests.xctest */;
			productType = "com.apple.product-type.bundle.unit-test";
		};
		EE6FB06B274F1A1400ACC6E8 /* PSTUianUITests */ = {
			isa = PBXNativeTarget;
			buildConfigurationList = EE6FB07C274F1A1400ACC6E8 /* Build configuration list for PBXNativeTarget "PSTUianUITests" */;
			buildPhases = (
				EE6FB068274F1A1400ACC6E8 /* Sources */,
				EE6FB069274F1A1400ACC6E8 /* Frameworks */,
				EE6FB06A274F1A1400ACC6E8 /* Resources */,
			);
			buildRules = (
			);
			dependencies = (
				EE6FB06E274F1A1400ACC6E8 /* PBXTargetDependency */,
			);
			name = PSTUianUITests;
			productName = PSTUianUITests;
			productReference = EE6FB06C274F1A1400ACC6E8 /* PSTUianUITests.xctest */;
			productType = "com.apple.product-type.bundle.ui-testing";
		};
/* End PBXNativeTarget section */

/* Begin PBXProject section */
		EE6FB04A274F1A1200ACC6E8 /* Project object */ = {
			isa = PBXProject;
			attributes = {
				BuildIndependentTargetsInParallel = 1;
				LastSwiftUpdateCheck = 1310;
				LastUpgradeCheck = 1310;
				TargetAttributes = {
					EE6FB051274F1A1200ACC6E8 = {
						CreatedOnToolsVersion = 13.1;
					};
					EE6FB061274F1A1400ACC6E8 = {
						CreatedOnToolsVersion = 13.1;
						TestTargetID = EE6FB051274F1A1200ACC6E8;
					};
					EE6FB06B274F1A1400ACC6E8 = {
						CreatedOnToolsVersion = 13.1;
						TestTargetID = EE6FB051274F1A1200ACC6E8;
					};
				};
			};
			buildConfigurationList = EE6FB04D274F1A1200ACC6E8 /* Build configuration list for PBXProject "PSTUian" */;
			compatibilityVersion = "Xcode 13.0";
			developmentRegion = en;
			hasScannedForEncodings = 0;
			knownRegions = (
				en,
				Base,
			);
			mainGroup = EE6FB049274F1A1200ACC6E8;
			productRefGroup = EE6FB053274F1A1200ACC6E8 /* Products */;
			projectDirPath = "";
			projectRoot = "";
			targets = (
				EE6FB051274F1A1200ACC6E8 /* PSTUian */,
				EE6FB061274F1A1400ACC6E8 /* PSTUianTests */,
				EE6FB06B274F1A1400ACC6E8 /* PSTUianUITests */,
			);
		};
/* End PBXProject section */

/* Begin PBXResourcesBuildPhase section */
		EE6FB050274F1A1200ACC6E8 /* Resources */ = {
			isa = PBXResourcesBuildPhase;
			buildActionMask = 2147483647;
			files = (
				EE6FB05D274F1A1400ACC6E8 /* Preview Assets.xcassets in Resources */,
				EE6FB05A274F1A1400ACC6E8 /* Assets.xcassets in Resources */,
			);
			runOnlyForDeploymentPostprocessing = 0;
		};
		EE6FB060274F1A1400ACC6E8 /* Resources */ = {
			isa = PBXResourcesBuildPhase;
			buildActionMask = 2147483647;
			files = (
			);
			runOnlyForDeploymentPostprocessing = 0;
		};
		EE6FB06A274F1A1400ACC6E8 /* Resources */ = {
			isa = PBXResourcesBuildPhase;
			buildActionMask = 2147483647;
			files = (
			);
			runOnlyForDeploymentPostprocessing = 0;
		};
/* End PBXResourcesBuildPhase section */

/* Begin PBXSourcesBuildPhase section */
		EE6FB04E274F1A1200ACC6E8 /* Sources */ = {
			isa = PBXSourcesBuildPhase;
			buildActionMask = 2147483647;
			files = (
				EE6FB0C82758EA0500ACC6E8 /* ImageSliderView.swift in Sources */,
				EE6FB0C62758E95400ACC6E8 /* ImageSliderItemView.swift in Sources */,
				EE6FB0CB2758F50800ACC6E8 /* Color.swift in Sources */,
				EE6FB0C12758E83800ACC6E8 /* SliderModel.swift in Sources */,
				EE6FB058274F1A1300ACC6E8 /* HomeView.swift in Sources */,
				EE6FB056274F1A1300ACC6E8 /* PSTUianApp.swift in Sources */,
				EE6FB0C32758E87D00ACC6E8 /* Constant.swift in Sources */,
			);
			runOnlyForDeploymentPostprocessing = 0;
		};
		EE6FB05E274F1A1400ACC6E8 /* Sources */ = {
			isa = PBXSourcesBuildPhase;
			buildActionMask = 2147483647;
			files = (
				EE6FB067274F1A1400ACC6E8 /* PSTUianTests.swift in Sources */,
			);
			runOnlyForDeploymentPostprocessing = 0;
		};
		EE6FB068274F1A1400ACC6E8 /* Sources */ = {
			isa = PBXSourcesBuildPhase;
			buildActionMask = 2147483647;
			files = (
				EE6FB071274F1A1400ACC6E8 /* PSTUianUITests.swift in Sources */,
				EE6FB073274F1A1400ACC6E8 /* PSTUianUITestsLaunchTests.swift in Sources */,
			);
			runOnlyForDeploymentPostprocessing = 0;
		};
/* End PBXSourcesBuildPhase section */

/* Begin PBXTargetDependency section */
		EE6FB064274F1A1400ACC6E8 /* PBXTargetDependency */ = {
			isa = PBXTargetDependency;
			target = EE6FB051274F1A1200ACC6E8 /* PSTUian */;
			targetProxy = EE6FB063274F1A1400ACC6E8 /* PBXContainerItemProxy */;
		};
		EE6FB06E274F1A1400ACC6E8 /* PBXTargetDependency */ = {
			isa = PBXTargetDependency;
			target = EE6FB051274F1A1200ACC6E8 /* PSTUian */;
			targetProxy = EE6FB06D274F1A1400ACC6E8 /* PBXContainerItemProxy */;
		};
/* End PBXTargetDependency section */

/* Begin XCBuildConfiguration section */
		EE6FB074274F1A1400ACC6E8 /* Debug */ = {
			isa = XCBuildConfiguration;
			buildSettings = {
				ALWAYS_SEARCH_USER_PATHS = NO;
				CLANG_ANALYZER_NONNULL = YES;
				CLANG_ANALYZER_NUMBER_OBJECT_CONVERSION = YES_AGGRESSIVE;
				CLANG_CXX_LANGUAGE_STANDARD = "gnu++17";
				CLANG_CXX_LIBRARY = "libc++";
				CLANG_ENABLE_MODULES = YES;
				CLANG_ENABLE_OBJC_ARC = YES;
				CLANG_ENABLE_OBJC_WEAK = YES;
				CLANG_WARN_BLOCK_CAPTURE_AUTORELEASING = YES;
				CLANG_WARN_BOOL_CONVERSION = YES;
				CLANG_WARN_COMMA = YES;
				CLANG_WARN_CONSTANT_CONVERSION = YES;
				CLANG_WARN_DEPRECATED_OBJC_IMPLEMENTATIONS = YES;
				CLANG_WARN_DIRECT_OBJC_ISA_USAGE = YES_ERROR;
				CLANG_WARN_DOCUMENTATION_COMMENTS = YES;
				CLANG_WARN_EMPTY_BODY = YES;
				CLANG_WARN_ENUM_CONVERSION = YES;
				CLANG_WARN_INFINITE_RECURSION = YES;
				CLANG_WARN_INT_CONVERSION = YES;
				CLANG_WARN_NON_LITERAL_NULL_CONVERSION = YES;
				CLANG_WARN_OBJC_IMPLICIT_RETAIN_SELF = YES;
				CLANG_WARN_OBJC_LITERAL_CONVERSION = YES;
				CLANG_WARN_OBJC_ROOT_CLASS = YES_ERROR;
				CLANG_WARN_QUOTED_INCLUDE_IN_FRAMEWORK_HEADER = YES;
				CLANG_WARN_RANGE_LOOP_ANALYSIS = YES;
				CLANG_WARN_STRICT_PROTOTYPES = YES;
				CLANG_WARN_SUSPICIOUS_MOVE = YES;
				CLANG_WARN_UNGUARDED_AVAILABILITY = YES_AGGRESSIVE;
				CLANG_WARN_UNREACHABLE_CODE = YES;
				CLANG_WARN__DUPLICATE_METHOD_MATCH = YES;
				COPY_PHASE_STRIP = NO;
				DEBUG_INFORMATION_FORMAT = dwarf;
				ENABLE_STRICT_OBJC_MSGSEND = YES;
				ENABLE_TESTABILITY = YES;
				GCC_C_LANGUAGE_STANDARD = gnu11;
				GCC_DYNAMIC_NO_PIC = NO;
				GCC_NO_COMMON_BLOCKS = YES;
				GCC_OPTIMIZATION_LEVEL = 0;
				GCC_PREPROCESSOR_DEFINITIONS = (
					"DEBUG=1",
					"$(inherited)",
				);
				GCC_WARN_64_TO_32_BIT_CONVERSION = YES;
				GCC_WARN_ABOUT_RETURN_TYPE = YES_ERROR;
				GCC_WARN_UNDECLARED_SELECTOR = YES;
				GCC_WARN_UNINITIALIZED_AUTOS = YES_AGGRESSIVE;
				GCC_WARN_UNUSED_FUNCTION = YES;
				GCC_WARN_UNUSED_VARIABLE = YES;
				IPHONEOS_DEPLOYMENT_TARGET = 15.0;
				MTL_ENABLE_DEBUG_INFO = INCLUDE_SOURCE;
				MTL_FAST_MATH = YES;
				ONLY_ACTIVE_ARCH = YES;
				SDKROOT = iphoneos;
				SWIFT_ACTIVE_COMPILATION_CONDITIONS = DEBUG;
				SWIFT_OPTIMIZATION_LEVEL = "-Onone";
			};
			name = Debug;
		};
		EE6FB075274F1A1400ACC6E8 /* Release */ = {
			isa = XCBuildConfiguration;
			buildSettings = {
				ALWAYS_SEARCH_USER_PATHS = NO;
				CLANG_ANALYZER_NONNULL = YES;
				CLANG_ANALYZER_NUMBER_OBJECT_CONVERSION = YES_AGGRESSIVE;
				CLANG_CXX_LANGUAGE_STANDARD = "gnu++17";
				CLANG_CXX_LIBRARY = "libc++";
				CLANG_ENABLE_MODULES = YES;
				CLANG_ENABLE_OBJC_ARC = YES;
				CLANG_ENABLE_OBJC_WEAK = YES;
				CLANG_WARN_BLOCK_CAPTURE_AUTORELEASING = YES;
				CLANG_WARN_BOOL_CONVERSION = YES;
				CLANG_WARN_COMMA = YES;
				CLANG_WARN_CONSTANT_CONVERSION = YES;
				CLANG_WARN_DEPRECATED_OBJC_IMPLEMENTATIONS = YES;
				CLANG_WARN_DIRECT_OBJC_ISA_USAGE = YES_ERROR;
				CLANG_WARN_DOCUMENTATION_COMMENTS = YES;
				CLANG_WARN_EMPTY_BODY = YES;
				CLANG_WARN_ENUM_CONVERSION = YES;
				CLANG_WARN_INFINITE_RECURSION = YES;
				CLANG_WARN_INT_CONVERSION = YES;
				CLANG_WARN_NON_LITERAL_NULL_CONVERSION = YES;
				CLANG_WARN_OBJC_IMPLICIT_RETAIN_SELF = YES;
				CLANG_WARN_OBJC_LITERAL_CONVERSION = YES;
				CLANG_WARN_OBJC_ROOT_CLASS = YES_ERROR;
				CLANG_WARN_QUOTED_INCLUDE_IN_FRAMEWORK_HEADER = YES;
				CLANG_WARN_RANGE_LOOP_ANALYSIS = YES;
				CLANG_WARN_STRICT_PROTOTYPES = YES;
				CLANG_WARN_SUSPICIOUS_MOVE = YES;
				CLANG_WARN_UNGUARDED_AVAILABILITY = YES_AGGRESSIVE;
				CLANG_WARN_UNREACHABLE_CODE = YES;
				CLANG_WARN__DUPLICATE_METHOD_MATCH = YES;
				COPY_PHASE_STRIP = NO;
				DEBUG_INFORMATION_FORMAT = "dwarf-with-dsym";
				ENABLE_NS_ASSERTIONS = NO;
				ENABLE_STRICT_OBJC_MSGSEND = YES;
				GCC_C_LANGUAGE_STANDARD = gnu11;
				GCC_NO_COMMON_BLOCKS = YES;
				GCC_WARN_64_TO_32_BIT_CONVERSION = YES;
				GCC_WARN_ABOUT_RETURN_TYPE = YES_ERROR;
				GCC_WARN_UNDECLARED_SELECTOR = YES;
				GCC_WARN_UNINITIALIZED_AUTOS = YES_AGGRESSIVE;
				GCC_WARN_UNUSED_FUNCTION = YES;
				GCC_WARN_UNUSED_VARIABLE = YES;
				IPHONEOS_DEPLOYMENT_TARGET = 15.0;
				MTL_ENABLE_DEBUG_INFO = NO;
				MTL_FAST_MATH = YES;
				SDKROOT = iphoneos;
				SWIFT_COMPILATION_MODE = wholemodule;
				SWIFT_OPTIMIZATION_LEVEL = "-O";
				VALIDATE_PRODUCT = YES;
			};
			name = Release;
		};
		EE6FB077274F1A1400ACC6E8 /* Debug */ = {
			isa = XCBuildConfiguration;
			buildSettings = {
				ASSETCATALOG_COMPILER_APPICON_NAME = AppIcon;
				ASSETCATALOG_COMPILER_GLOBAL_ACCENT_COLOR_NAME = AccentColor;
				CODE_SIGN_STYLE = Automatic;
				CURRENT_PROJECT_VERSION = 1;
				DEVELOPMENT_ASSET_PATHS = "\"PSTUian/Preview Content\"";
				DEVELOPMENT_TEAM = 8WJFWCZXP2;
				ENABLE_PREVIEWS = YES;
				GENERATE_INFOPLIST_FILE = YES;
				INFOPLIST_KEY_UIApplicationSceneManifest_Generation = YES;
				INFOPLIST_KEY_UIApplicationSupportsIndirectInputEvents = YES;
				INFOPLIST_KEY_UILaunchScreen_Generation = YES;
				INFOPLIST_KEY_UISupportedInterfaceOrientations_iPad = "UIInterfaceOrientationPortrait UIInterfaceOrientationPortraitUpsideDown UIInterfaceOrientationLandscapeLeft UIInterfaceOrientationLandscapeRight";
				INFOPLIST_KEY_UISupportedInterfaceOrientations_iPhone = "UIInterfaceOrientationPortrait UIInterfaceOrientationLandscapeLeft UIInterfaceOrientationLandscapeRight";
				LD_RUNPATH_SEARCH_PATHS = (
					"$(inherited)",
					"@executable_path/Frameworks",
				);
				MARKETING_VERSION = 1.0;
				PRODUCT_BUNDLE_IDENTIFIER = com.wokfort.PSTUian;
				PRODUCT_NAME = "$(TARGET_NAME)";
				SWIFT_EMIT_LOC_STRINGS = YES;
				SWIFT_VERSION = 5.0;
				TARGETED_DEVICE_FAMILY = "1,2";
			};
			name = Debug;
		};
		EE6FB078274F1A1400ACC6E8 /* Release */ = {
			isa = XCBuildConfiguration;
			buildSettings = {
				ASSETCATALOG_COMPILER_APPICON_NAME = AppIcon;
				ASSETCATALOG_COMPILER_GLOBAL_ACCENT_COLOR_NAME = AccentColor;
				CODE_SIGN_STYLE = Automatic;
				CURRENT_PROJECT_VERSION = 1;
				DEVELOPMENT_ASSET_PATHS = "\"PSTUian/Preview Content\"";
				DEVELOPMENT_TEAM = 8WJFWCZXP2;
				ENABLE_PREVIEWS = YES;
				GENERATE_INFOPLIST_FILE = YES;
				INFOPLIST_KEY_UIApplicationSceneManifest_Generation = YES;
				INFOPLIST_KEY_UIApplicationSupportsIndirectInputEvents = YES;
				INFOPLIST_KEY_UILaunchScreen_Generation = YES;
				INFOPLIST_KEY_UISupportedInterfaceOrientations_iPad = "UIInterfaceOrientationPortrait UIInterfaceOrientationPortraitUpsideDown UIInterfaceOrientationLandscapeLeft UIInterfaceOrientationLandscapeRight";
				INFOPLIST_KEY_UISupportedInterfaceOrientations_iPhone = "UIInterfaceOrientationPortrait UIInterfaceOrientationLandscapeLeft UIInterfaceOrientationLandscapeRight";
				LD_RUNPATH_SEARCH_PATHS = (
					"$(inherited)",
					"@executable_path/Frameworks",
				);
				MARKETING_VERSION = 1.0;
				PRODUCT_BUNDLE_IDENTIFIER = com.wokfort.PSTUian;
				PRODUCT_NAME = "$(TARGET_NAME)";
				SWIFT_EMIT_LOC_STRINGS = YES;
				SWIFT_VERSION = 5.0;
				TARGETED_DEVICE_FAMILY = "1,2";
			};
			name = Release;
		};
		EE6FB07A274F1A1400ACC6E8 /* Debug */ = {
			isa = XCBuildConfiguration;
			buildSettings = {
				ALWAYS_EMBED_SWIFT_STANDARD_LIBRARIES = YES;
				BUNDLE_LOADER = "$(TEST_HOST)";
				CODE_SIGN_STYLE = Automatic;
				CURRENT_PROJECT_VERSION = 1;
				DEVELOPMENT_TEAM = 8WJFWCZXP2;
				GENERATE_INFOPLIST_FILE = YES;
				IPHONEOS_DEPLOYMENT_TARGET = 15.0;
				LD_RUNPATH_SEARCH_PATHS = (
					"$(inherited)",
					"@executable_path/Frameworks",
					"@loader_path/Frameworks",
				);
				MARKETING_VERSION = 1.0;
				PRODUCT_BUNDLE_IDENTIFIER = com.wokfort.PSTUianTests;
				PRODUCT_NAME = "$(TARGET_NAME)";
				SWIFT_EMIT_LOC_STRINGS = NO;
				SWIFT_VERSION = 5.0;
				TARGETED_DEVICE_FAMILY = "1,2";
				TEST_HOST = "$(BUILT_PRODUCTS_DIR)/PSTUian.app/PSTUian";
			};
			name = Debug;
		};
		EE6FB07B274F1A1400ACC6E8 /* Release */ = {
			isa = XCBuildConfiguration;
			buildSettings = {
				ALWAYS_EMBED_SWIFT_STANDARD_LIBRARIES = YES;
				BUNDLE_LOADER = "$(TEST_HOST)";
				CODE_SIGN_STYLE = Automatic;
				CURRENT_PROJECT_VERSION = 1;
				DEVELOPMENT_TEAM = 8WJFWCZXP2;
				GENERATE_INFOPLIST_FILE = YES;
				IPHONEOS_DEPLOYMENT_TARGET = 15.0;
				LD_RUNPATH_SEARCH_PATHS = (
					"$(inherited)",
					"@executable_path/Frameworks",
					"@loader_path/Frameworks",
				);
				MARKETING_VERSION = 1.0;
				PRODUCT_BUNDLE_IDENTIFIER = com.wokfort.PSTUianTests;
				PRODUCT_NAME = "$(TARGET_NAME)";
				SWIFT_EMIT_LOC_STRINGS = NO;
				SWIFT_VERSION = 5.0;
				TARGETED_DEVICE_FAMILY = "1,2";
				TEST_HOST = "$(BUILT_PRODUCTS_DIR)/PSTUian.app/PSTUian";
			};
			name = Release;
		};
		EE6FB07D274F1A1400ACC6E8 /* Debug */ = {
			isa = XCBuildConfiguration;
			buildSettings = {
				ALWAYS_EMBED_SWIFT_STANDARD_LIBRARIES = YES;
				CODE_SIGN_STYLE = Automatic;
				CURRENT_PROJECT_VERSION = 1;
				DEVELOPMENT_TEAM = 8WJFWCZXP2;
				GENERATE_INFOPLIST_FILE = YES;
				LD_RUNPATH_SEARCH_PATHS = (
					"$(inherited)",
					"@executable_path/Frameworks",
					"@loader_path/Frameworks",
				);
				MARKETING_VERSION = 1.0;
				PRODUCT_BUNDLE_IDENTIFIER = com.wokfort.PSTUianUITests;
				PRODUCT_NAME = "$(TARGET_NAME)";
				SWIFT_EMIT_LOC_STRINGS = NO;
				SWIFT_VERSION = 5.0;
				TARGETED_DEVICE_FAMILY = "1,2";
				TEST_TARGET_NAME = PSTUian;
			};
			name = Debug;
		};
		EE6FB07E274F1A1400ACC6E8 /* Release */ = {
			isa = XCBuildConfiguration;
			buildSettings = {
				ALWAYS_EMBED_SWIFT_STANDARD_LIBRARIES = YES;
				CODE_SIGN_STYLE = Automatic;
				CURRENT_PROJECT_VERSION = 1;
				DEVELOPMENT_TEAM = 8WJFWCZXP2;
				GENERATE_INFOPLIST_FILE = YES;
				LD_RUNPATH_SEARCH_PATHS = (
					"$(inherited)",
					"@executable_path/Frameworks",
					"@loader_path/Frameworks",
				);
				MARKETING_VERSION = 1.0;
				PRODUCT_BUNDLE_IDENTIFIER = com.wokfort.PSTUianUITests;
				PRODUCT_NAME = "$(TARGET_NAME)";
				SWIFT_EMIT_LOC_STRINGS = NO;
				SWIFT_VERSION = 5.0;
				TARGETED_DEVICE_FAMILY = "1,2";
				TEST_TARGET_NAME = PSTUian;
			};
			name = Release;
		};
/* End XCBuildConfiguration section */

/* Begin XCConfigurationList section */
		EE6FB04D274F1A1200ACC6E8 /* Build configuration list for PBXProject "PSTUian" */ = {
			isa = XCConfigurationList;
			buildConfigurations = (
				EE6FB074274F1A1400ACC6E8 /* Debug */,
				EE6FB075274F1A1400ACC6E8 /* Release */,
			);
			defaultConfigurationIsVisible = 0;
			defaultConfigurationName = Release;
		};
		EE6FB076274F1A1400ACC6E8 /* Build configuration list for PBXNativeTarget "PSTUian" */ = {
			isa = XCConfigurationList;
			buildConfigurations = (
				EE6FB077274F1A1400ACC6E8 /* Debug */,
				EE6FB078274F1A1400ACC6E8 /* Release */,
			);
			defaultConfigurationIsVisible = 0;
			defaultConfigurationName = Release;
		};
		EE6FB079274F1A1400ACC6E8 /* Build configuration list for PBXNativeTarget "PSTUianTests" */ = {
			isa = XCConfigurationList;
			buildConfigurations = (
				EE6FB07A274F1A1400ACC6E8 /* Debug */,
				EE6FB07B274F1A1400ACC6E8 /* Release */,
			);
			defaultConfigurationIsVisible = 0;
			defaultConfigurationName = Release;
		};
		EE6FB07C274F1A1400ACC6E8 /* Build configuration list for PBXNativeTarget "PSTUianUITests" */ = {
			isa = XCConfigurationList;
			buildConfigurations = (
				EE6FB07D274F1A1400ACC6E8 /* Debug */,
				EE6FB07E274F1A1400ACC6E8 /* Release */,
			);
			defaultConfigurationIsVisible = 0;
			defaultConfigurationName = Release;
		};
/* End XCConfigurationList section */
	};
	rootObject = EE6FB04A274F1A1200ACC6E8 /* Project object */;
}
