// !$*UTF8*$!
{
	archiveVersion = 1;
	classes = {
	};
	objectVersion = 55;
	objects = {

/* Begin PBXBuildFile section */
		EE3508D0277AD2DE00348877 /* Constant.swift in Sources */ = {isa = PBXBuildFile; fileRef = EE3508BC277AD2DD00348877 /* Constant.swift */; };
		EE3508D1277AD2DE00348877 /* SliderEntity.swift in Sources */ = {isa = PBXBuildFile; fileRef = EE3508BD277AD2DD00348877 /* SliderEntity.swift */; };
		EE3508D2277AD2DE00348877 /* Response.swift in Sources */ = {isa = PBXBuildFile; fileRef = EE3508BF277AD2DD00348877 /* Response.swift */; };
		EE3508D3277AD2DE00348877 /* SliderVM.swift in Sources */ = {isa = PBXBuildFile; fileRef = EE3508C2277AD2DD00348877 /* SliderVM.swift */; };
		EE3508D4277AD2DE00348877 /* HomeView.swift in Sources */ = {isa = PBXBuildFile; fileRef = EE3508C3277AD2DD00348877 /* HomeView.swift */; };
		EE3508D5277AD2DE00348877 /* LoadingView.swift in Sources */ = {isa = PBXBuildFile; fileRef = EE3508C5277AD2DD00348877 /* LoadingView.swift */; };
		EE3508D6277AD2DE00348877 /* ErrorView.swift in Sources */ = {isa = PBXBuildFile; fileRef = EE3508C6277AD2DD00348877 /* ErrorView.swift */; };
		EE3508D7277AD2DE00348877 /* Color.swift in Sources */ = {isa = PBXBuildFile; fileRef = EE3508C9277AD2DE00348877 /* Color.swift */; };
		EE3508D8277AD2DE00348877 /* ApiError.swift in Sources */ = {isa = PBXBuildFile; fileRef = EE3508CB277AD2DE00348877 /* ApiError.swift */; };
		EE3508D9277AD2DE00348877 /* ImageSliderItemView.swift in Sources */ = {isa = PBXBuildFile; fileRef = EE3508CE277AD2DE00348877 /* ImageSliderItemView.swift */; };
		EE3508DA277AD2DE00348877 /* ImageSliderView.swift in Sources */ = {isa = PBXBuildFile; fileRef = EE3508CF277AD2DE00348877 /* ImageSliderView.swift */; };
		EE3508DD277AD6B800348877 /* SliderApiService.swift in Sources */ = {isa = PBXBuildFile; fileRef = EE3508DC277AD6B800348877 /* SliderApiService.swift */; };
		EE3508DF277AFAD800348877 /* SliderApiMockService.swift in Sources */ = {isa = PBXBuildFile; fileRef = EE3508DE277AFAD800348877 /* SliderApiMockService.swift */; };
		EE3508E1277AFAF000348877 /* SliderApiServiceProtocol.swift in Sources */ = {isa = PBXBuildFile; fileRef = EE3508E0277AFAF000348877 /* SliderApiServiceProtocol.swift */; };
		EE3508E5277B4D6B00348877 /* ApiServiceProtocol.swift in Sources */ = {isa = PBXBuildFile; fileRef = EE3508E4277B4D6B00348877 /* ApiServiceProtocol.swift */; };
		EE3508E7277B4DCD00348877 /* ApiService.swift in Sources */ = {isa = PBXBuildFile; fileRef = EE3508E6277B4DCD00348877 /* ApiService.swift */; };
		EE3508E9277B4E7600348877 /* FacultyVM.swift in Sources */ = {isa = PBXBuildFile; fileRef = EE3508E8277B4E7600348877 /* FacultyVM.swift */; };
		EE3508EB277B4E9E00348877 /* FacultyEntity.swift in Sources */ = {isa = PBXBuildFile; fileRef = EE3508EA277B4E9E00348877 /* FacultyEntity.swift */; };
		EE3508EE277B502400348877 /* ApiMockService.swift in Sources */ = {isa = PBXBuildFile; fileRef = EE3508ED277B502400348877 /* ApiMockService.swift */; };
		EE3508F0277B54CE00348877 /* FacultyListView.swift in Sources */ = {isa = PBXBuildFile; fileRef = EE3508EF277B54CE00348877 /* FacultyListView.swift */; };
		EE3508F2277B6D1000348877 /* SlidersView.swift in Sources */ = {isa = PBXBuildFile; fileRef = EE3508F1277B6D1000348877 /* SlidersView.swift */; };
		EE3508F6277B6DFA00348877 /* SectionTitle.swift in Sources */ = {isa = PBXBuildFile; fileRef = EE3508F5277B6DFA00348877 /* SectionTitle.swift */; };
		EE3508F8277B6E2400348877 /* InformationCornerListView.swift in Sources */ = {isa = PBXBuildFile; fileRef = EE3508F7277B6E2400348877 /* InformationCornerListView.swift */; };
		EE3508FA277B6EB600348877 /* OptionsListView.swift in Sources */ = {isa = PBXBuildFile; fileRef = EE3508F9277B6EB600348877 /* OptionsListView.swift */; };
		EE3508FD277B7C3600348877 /* SignInView.swift in Sources */ = {isa = PBXBuildFile; fileRef = EE3508FC277B7C3600348877 /* SignInView.swift */; };
		EE350900277B7C6300348877 /* NotificationView.swift in Sources */ = {isa = PBXBuildFile; fileRef = EE3508FF277B7C6300348877 /* NotificationView.swift */; };
		EE350903277B7C9E00348877 /* FacultyView.swift in Sources */ = {isa = PBXBuildFile; fileRef = EE350902277B7C9E00348877 /* FacultyView.swift */; };
		EE6FB056274F1A1300ACC6E8 /* PSTUianApp.swift in Sources */ = {isa = PBXBuildFile; fileRef = EE6FB055274F1A1300ACC6E8 /* PSTUianApp.swift */; };
		EE6FB05A274F1A1400ACC6E8 /* Assets.xcassets in Resources */ = {isa = PBXBuildFile; fileRef = EE6FB059274F1A1400ACC6E8 /* Assets.xcassets */; };
		EE6FB05D274F1A1400ACC6E8 /* Preview Assets.xcassets in Resources */ = {isa = PBXBuildFile; fileRef = EE6FB05C274F1A1400ACC6E8 /* Preview Assets.xcassets */; };
		EE6FB067274F1A1400ACC6E8 /* SliderTests.swift in Sources */ = {isa = PBXBuildFile; fileRef = EE6FB066274F1A1400ACC6E8 /* SliderTests.swift */; };
		EE6FB071274F1A1400ACC6E8 /* PSTUianUITests.swift in Sources */ = {isa = PBXBuildFile; fileRef = EE6FB070274F1A1400ACC6E8 /* PSTUianUITests.swift */; };
		EE6FB073274F1A1400ACC6E8 /* PSTUianUITestsLaunchTests.swift in Sources */ = {isa = PBXBuildFile; fileRef = EE6FB072274F1A1400ACC6E8 /* PSTUianUITestsLaunchTests.swift */; };
		EE7560A72782F23F00D39354 /* Converter.swift in Sources */ = {isa = PBXBuildFile; fileRef = EE7560A62782F23F00D39354 /* Converter.swift */; };
		EE7560A92783041D00D39354 /* Params.swift in Sources */ = {isa = PBXBuildFile; fileRef = EE7560A82783041D00D39354 /* Params.swift */; };
		EE7560AB2783088C00D39354 /* ConfigEntity.swift in Sources */ = {isa = PBXBuildFile; fileRef = EE7560AA2783088C00D39354 /* ConfigEntity.swift */; };
		EE7560AD2783192300D39354 /* StudentEntity.swift in Sources */ = {isa = PBXBuildFile; fileRef = EE7560AC2783192300D39354 /* StudentEntity.swift */; };
		EE7560AF27831A8700D39354 /* TeacherEntity.swift in Sources */ = {isa = PBXBuildFile; fileRef = EE7560AE27831A8700D39354 /* TeacherEntity.swift */; };
		EE7560B12783399A00D39354 /* ProfileView.swift in Sources */ = {isa = PBXBuildFile; fileRef = EE7560B02783399A00D39354 /* ProfileView.swift */; };
		EE7560B32784165200D39354 /* BatchListView.swift in Sources */ = {isa = PBXBuildFile; fileRef = EE7560B22784165200D39354 /* BatchListView.swift */; };
		EE7560B5278417D300D39354 /* StudentListView.swift in Sources */ = {isa = PBXBuildFile; fileRef = EE7560B4278417D300D39354 /* StudentListView.swift */; };
		EE9F53C7277F1544007F2FDE /* BatchEntity.swift in Sources */ = {isa = PBXBuildFile; fileRef = EE9F53C6277F1544007F2FDE /* BatchEntity.swift */; };
		EE9F53C9277F16D8007F2FDE /* BatchVM.swift in Sources */ = {isa = PBXBuildFile; fileRef = EE9F53C8277F16D8007F2FDE /* BatchVM.swift */; };
		EE9F53CB277F1736007F2FDE /* BaseVM.swift in Sources */ = {isa = PBXBuildFile; fileRef = EE9F53CA277F1736007F2FDE /* BaseVM.swift */; };
		EE9F53CD277F19D4007F2FDE /* BatchTests.swift in Sources */ = {isa = PBXBuildFile; fileRef = EE9F53CC277F19D4007F2FDE /* BatchTests.swift */; };
		EE9F53CF277F1A85007F2FDE /* FacultyTests.swift in Sources */ = {isa = PBXBuildFile; fileRef = EE9F53CE277F1A85007F2FDE /* FacultyTests.swift */; };
		EE9F53D3277F1C4B007F2FDE /* BaseRepo.swift in Sources */ = {isa = PBXBuildFile; fileRef = EE9F53D2277F1C4B007F2FDE /* BaseRepo.swift */; };
		EE9F53D5277F1E58007F2FDE /* FacultyRepo.swift in Sources */ = {isa = PBXBuildFile; fileRef = EE9F53D4277F1E58007F2FDE /* FacultyRepo.swift */; };
		EE9F53D7277F20F6007F2FDE /* RepoError.swift in Sources */ = {isa = PBXBuildFile; fileRef = EE9F53D6277F20F6007F2FDE /* RepoError.swift */; };
		EE9F53D9277F2D0B007F2FDE /* BatchRepo.swift in Sources */ = {isa = PBXBuildFile; fileRef = EE9F53D8277F2D0B007F2FDE /* BatchRepo.swift */; };
		EE9F53DB277F2EA1007F2FDE /* SliderRepo.swift in Sources */ = {isa = PBXBuildFile; fileRef = EE9F53DA277F2EA1007F2FDE /* SliderRepo.swift */; };
		EE9F53DE277F3984007F2FDE /* SignUpView.swift in Sources */ = {isa = PBXBuildFile; fileRef = EE9F53DD277F3984007F2FDE /* SignUpView.swift */; };
		EE9F53E1277F3A2A007F2FDE /* EmailVerificationView.swift in Sources */ = {isa = PBXBuildFile; fileRef = EE9F53E0277F3A2A007F2FDE /* EmailVerificationView.swift */; };
		EE9F53E4277F3F3E007F2FDE /* ForgotPasswordView.swift in Sources */ = {isa = PBXBuildFile; fileRef = EE9F53E3277F3F3E007F2FDE /* ForgotPasswordView.swift */; };
		EE9F53E6277F42A6007F2FDE /* AuthVM.swift in Sources */ = {isa = PBXBuildFile; fileRef = EE9F53E5277F42A6007F2FDE /* AuthVM.swift */; };
		EE9F53E8277F4521007F2FDE /* InputView.swift in Sources */ = {isa = PBXBuildFile; fileRef = EE9F53E7277F4521007F2FDE /* InputView.swift */; };
		EE9F53EA277F453D007F2FDE /* ButtonView.swift in Sources */ = {isa = PBXBuildFile; fileRef = EE9F53E9277F453D007F2FDE /* ButtonView.swift */; };
		EE9F53EC277F457F007F2FDE /* DecoratorView.swift in Sources */ = {isa = PBXBuildFile; fileRef = EE9F53EB277F457F007F2FDE /* DecoratorView.swift */; };
		EE9F53EF27819B07007F2FDE /* KeyChainHelper.swift in Sources */ = {isa = PBXBuildFile; fileRef = EE9F53EE27819B07007F2FDE /* KeyChainHelper.swift */; };
		EE9F53F12781A153007F2FDE /* AuthRepo.swift in Sources */ = {isa = PBXBuildFile; fileRef = EE9F53F02781A153007F2FDE /* AuthRepo.swift */; };
		EE9F53F32781A603007F2FDE /* DeviceEntity.swift in Sources */ = {isa = PBXBuildFile; fileRef = EE9F53F22781A603007F2FDE /* DeviceEntity.swift */; };
		EE9F53F62781AA95007F2FDE /* Device.swift in Sources */ = {isa = PBXBuildFile; fileRef = EE9F53F52781AA95007F2FDE /* Device.swift */; };
		EE9F53FA2781BD2A007F2FDE /* SplashView.swift in Sources */ = {isa = PBXBuildFile; fileRef = EE9F53F92781BD2A007F2FDE /* SplashView.swift */; };
		EE9F53FC2781CA9C007F2FDE /* SplashVM.swift in Sources */ = {isa = PBXBuildFile; fileRef = EE9F53FB2781CA9C007F2FDE /* SplashVM.swift */; };
		EE9F53FE2781CC1B007F2FDE /* DeviceRepo.swift in Sources */ = {isa = PBXBuildFile; fileRef = EE9F53FD2781CC1B007F2FDE /* DeviceRepo.swift */; };
		EE9F54002781DEE0007F2FDE /* Alerts.swift in Sources */ = {isa = PBXBuildFile; fileRef = EE9F53FF2781DEE0007F2FDE /* Alerts.swift */; };
/* End PBXBuildFile section */

/* Begin PBXContainerItemProxy section */
		EE6FB063274F1A1400ACC6E8 /* PBXContainerItemProxy */ = {
			isa = PBXContainerItemProxy;
			containerPortal = EE6FB04A274F1A1200ACC6E8 /* Project object */;
			proxyType = 1;
			remoteGlobalIDString = EE6FB051274F1A1200ACC6E8;
			remoteInfo = PSTUian;
		};
		EE6FB06D274F1A1400ACC6E8 /* PBXContainerItemProxy */ = {
			isa = PBXContainerItemProxy;
			containerPortal = EE6FB04A274F1A1200ACC6E8 /* Project object */;
			proxyType = 1;
			remoteGlobalIDString = EE6FB051274F1A1200ACC6E8;
			remoteInfo = PSTUian;
		};
/* End PBXContainerItemProxy section */

/* Begin PBXFileReference section */
		EE3508BC277AD2DD00348877 /* Constant.swift */ = {isa = PBXFileReference; fileEncoding = 4; lastKnownFileType = sourcecode.swift; path = Constant.swift; sourceTree = "<group>"; };
		EE3508BD277AD2DD00348877 /* SliderEntity.swift */ = {isa = PBXFileReference; fileEncoding = 4; lastKnownFileType = sourcecode.swift; path = SliderEntity.swift; sourceTree = "<group>"; };
		EE3508BF277AD2DD00348877 /* Response.swift */ = {isa = PBXFileReference; fileEncoding = 4; lastKnownFileType = sourcecode.swift; path = Response.swift; sourceTree = "<group>"; };
		EE3508C2277AD2DD00348877 /* SliderVM.swift */ = {isa = PBXFileReference; fileEncoding = 4; lastKnownFileType = sourcecode.swift; path = SliderVM.swift; sourceTree = "<group>"; };
		EE3508C3277AD2DD00348877 /* HomeView.swift */ = {isa = PBXFileReference; fileEncoding = 4; lastKnownFileType = sourcecode.swift; path = HomeView.swift; sourceTree = "<group>"; };
		EE3508C5277AD2DD00348877 /* LoadingView.swift */ = {isa = PBXFileReference; fileEncoding = 4; lastKnownFileType = sourcecode.swift; path = LoadingView.swift; sourceTree = "<group>"; };
		EE3508C6277AD2DD00348877 /* ErrorView.swift */ = {isa = PBXFileReference; fileEncoding = 4; lastKnownFileType = sourcecode.swift; path = ErrorView.swift; sourceTree = "<group>"; };
		EE3508C9277AD2DE00348877 /* Color.swift */ = {isa = PBXFileReference; fileEncoding = 4; lastKnownFileType = sourcecode.swift; path = Color.swift; sourceTree = "<group>"; };
		EE3508CB277AD2DE00348877 /* ApiError.swift */ = {isa = PBXFileReference; fileEncoding = 4; lastKnownFileType = sourcecode.swift; path = ApiError.swift; sourceTree = "<group>"; };
		EE3508CE277AD2DE00348877 /* ImageSliderItemView.swift */ = {isa = PBXFileReference; fileEncoding = 4; lastKnownFileType = sourcecode.swift; path = ImageSliderItemView.swift; sourceTree = "<group>"; };
		EE3508CF277AD2DE00348877 /* ImageSliderView.swift */ = {isa = PBXFileReference; fileEncoding = 4; lastKnownFileType = sourcecode.swift; path = ImageSliderView.swift; sourceTree = "<group>"; };
		EE3508DC277AD6B800348877 /* SliderApiService.swift */ = {isa = PBXFileReference; lastKnownFileType = sourcecode.swift; path = SliderApiService.swift; sourceTree = "<group>"; };
		EE3508DE277AFAD800348877 /* SliderApiMockService.swift */ = {isa = PBXFileReference; lastKnownFileType = sourcecode.swift; path = SliderApiMockService.swift; sourceTree = "<group>"; };
		EE3508E0277AFAF000348877 /* SliderApiServiceProtocol.swift */ = {isa = PBXFileReference; lastKnownFileType = sourcecode.swift; path = SliderApiServiceProtocol.swift; sourceTree = "<group>"; };
		EE3508E4277B4D6B00348877 /* ApiServiceProtocol.swift */ = {isa = PBXFileReference; lastKnownFileType = sourcecode.swift; path = ApiServiceProtocol.swift; sourceTree = "<group>"; };
		EE3508E6277B4DCD00348877 /* ApiService.swift */ = {isa = PBXFileReference; lastKnownFileType = sourcecode.swift; path = ApiService.swift; sourceTree = "<group>"; };
		EE3508E8277B4E7600348877 /* FacultyVM.swift */ = {isa = PBXFileReference; lastKnownFileType = sourcecode.swift; path = FacultyVM.swift; sourceTree = "<group>"; };
		EE3508EA277B4E9E00348877 /* FacultyEntity.swift */ = {isa = PBXFileReference; lastKnownFileType = sourcecode.swift; path = FacultyEntity.swift; sourceTree = "<group>"; };
		EE3508ED277B502400348877 /* ApiMockService.swift */ = {isa = PBXFileReference; lastKnownFileType = sourcecode.swift; path = ApiMockService.swift; sourceTree = "<group>"; };
		EE3508EF277B54CE00348877 /* FacultyListView.swift */ = {isa = PBXFileReference; lastKnownFileType = sourcecode.swift; path = FacultyListView.swift; sourceTree = "<group>"; };
		EE3508F1277B6D1000348877 /* SlidersView.swift */ = {isa = PBXFileReference; lastKnownFileType = sourcecode.swift; path = SlidersView.swift; sourceTree = "<group>"; };
		EE3508F5277B6DFA00348877 /* SectionTitle.swift */ = {isa = PBXFileReference; lastKnownFileType = sourcecode.swift; path = SectionTitle.swift; sourceTree = "<group>"; };
		EE3508F7277B6E2400348877 /* InformationCornerListView.swift */ = {isa = PBXFileReference; lastKnownFileType = sourcecode.swift; path = InformationCornerListView.swift; sourceTree = "<group>"; };
		EE3508F9277B6EB600348877 /* OptionsListView.swift */ = {isa = PBXFileReference; lastKnownFileType = sourcecode.swift; path = OptionsListView.swift; sourceTree = "<group>"; };
		EE3508FC277B7C3600348877 /* SignInView.swift */ = {isa = PBXFileReference; lastKnownFileType = sourcecode.swift; path = SignInView.swift; sourceTree = "<group>"; };
		EE3508FF277B7C6300348877 /* NotificationView.swift */ = {isa = PBXFileReference; lastKnownFileType = sourcecode.swift; path = NotificationView.swift; sourceTree = "<group>"; };
		EE350902277B7C9E00348877 /* FacultyView.swift */ = {isa = PBXFileReference; lastKnownFileType = sourcecode.swift; path = FacultyView.swift; sourceTree = "<group>"; };
		EE6FB052274F1A1200ACC6E8 /* PSTUian.app */ = {isa = PBXFileReference; explicitFileType = wrapper.application; includeInIndex = 0; path = PSTUian.app; sourceTree = BUILT_PRODUCTS_DIR; };
		EE6FB055274F1A1300ACC6E8 /* PSTUianApp.swift */ = {isa = PBXFileReference; lastKnownFileType = sourcecode.swift; path = PSTUianApp.swift; sourceTree = "<group>"; };
		EE6FB059274F1A1400ACC6E8 /* Assets.xcassets */ = {isa = PBXFileReference; lastKnownFileType = folder.assetcatalog; path = Assets.xcassets; sourceTree = "<group>"; };
		EE6FB05C274F1A1400ACC6E8 /* Preview Assets.xcassets */ = {isa = PBXFileReference; lastKnownFileType = folder.assetcatalog; path = "Preview Assets.xcassets"; sourceTree = "<group>"; };
		EE6FB062274F1A1400ACC6E8 /* PSTUianTests.xctest */ = {isa = PBXFileReference; explicitFileType = wrapper.cfbundle; includeInIndex = 0; path = PSTUianTests.xctest; sourceTree = BUILT_PRODUCTS_DIR; };
		EE6FB066274F1A1400ACC6E8 /* SliderTests.swift */ = {isa = PBXFileReference; lastKnownFileType = sourcecode.swift; path = SliderTests.swift; sourceTree = "<group>"; };
		EE6FB06C274F1A1400ACC6E8 /* PSTUianUITests.xctest */ = {isa = PBXFileReference; explicitFileType = wrapper.cfbundle; includeInIndex = 0; path = PSTUianUITests.xctest; sourceTree = BUILT_PRODUCTS_DIR; };
		EE6FB070274F1A1400ACC6E8 /* PSTUianUITests.swift */ = {isa = PBXFileReference; lastKnownFileType = sourcecode.swift; path = PSTUianUITests.swift; sourceTree = "<group>"; };
		EE6FB072274F1A1400ACC6E8 /* PSTUianUITestsLaunchTests.swift */ = {isa = PBXFileReference; lastKnownFileType = sourcecode.swift; path = PSTUianUITestsLaunchTests.swift; sourceTree = "<group>"; };
		EE7560A62782F23F00D39354 /* Converter.swift */ = {isa = PBXFileReference; lastKnownFileType = sourcecode.swift; path = Converter.swift; sourceTree = "<group>"; };
		EE7560A82783041D00D39354 /* Params.swift */ = {isa = PBXFileReference; lastKnownFileType = sourcecode.swift; path = Params.swift; sourceTree = "<group>"; };
		EE7560AA2783088C00D39354 /* ConfigEntity.swift */ = {isa = PBXFileReference; lastKnownFileType = sourcecode.swift; path = ConfigEntity.swift; sourceTree = "<group>"; };
		EE7560AC2783192300D39354 /* StudentEntity.swift */ = {isa = PBXFileReference; lastKnownFileType = sourcecode.swift; path = StudentEntity.swift; sourceTree = "<group>"; };
		EE7560AE27831A8700D39354 /* TeacherEntity.swift */ = {isa = PBXFileReference; lastKnownFileType = sourcecode.swift; path = TeacherEntity.swift; sourceTree = "<group>"; };
		EE7560B02783399A00D39354 /* ProfileView.swift */ = {isa = PBXFileReference; lastKnownFileType = sourcecode.swift; path = ProfileView.swift; sourceTree = "<group>"; };
		EE7560B22784165200D39354 /* BatchListView.swift */ = {isa = PBXFileReference; lastKnownFileType = sourcecode.swift; path = BatchListView.swift; sourceTree = "<group>"; };
		EE7560B4278417D300D39354 /* StudentListView.swift */ = {isa = PBXFileReference; lastKnownFileType = sourcecode.swift; path = StudentListView.swift; sourceTree = "<group>"; };
		EE9F53C6277F1544007F2FDE /* BatchEntity.swift */ = {isa = PBXFileReference; lastKnownFileType = sourcecode.swift; path = BatchEntity.swift; sourceTree = "<group>"; };
		EE9F53C8277F16D8007F2FDE /* BatchVM.swift */ = {isa = PBXFileReference; lastKnownFileType = sourcecode.swift; path = BatchVM.swift; sourceTree = "<group>"; };
		EE9F53CA277F1736007F2FDE /* BaseVM.swift */ = {isa = PBXFileReference; lastKnownFileType = sourcecode.swift; path = BaseVM.swift; sourceTree = "<group>"; };
		EE9F53CC277F19D4007F2FDE /* BatchTests.swift */ = {isa = PBXFileReference; lastKnownFileType = sourcecode.swift; path = BatchTests.swift; sourceTree = "<group>"; };
		EE9F53CE277F1A85007F2FDE /* FacultyTests.swift */ = {isa = PBXFileReference; lastKnownFileType = sourcecode.swift; path = FacultyTests.swift; sourceTree = "<group>"; };
		EE9F53D2277F1C4B007F2FDE /* BaseRepo.swift */ = {isa = PBXFileReference; lastKnownFileType = sourcecode.swift; path = BaseRepo.swift; sourceTree = "<group>"; };
		EE9F53D4277F1E58007F2FDE /* FacultyRepo.swift */ = {isa = PBXFileReference; lastKnownFileType = sourcecode.swift; path = FacultyRepo.swift; sourceTree = "<group>"; };
		EE9F53D6277F20F6007F2FDE /* RepoError.swift */ = {isa = PBXFileReference; lastKnownFileType = sourcecode.swift; path = RepoError.swift; sourceTree = "<group>"; };
		EE9F53D8277F2D0B007F2FDE /* BatchRepo.swift */ = {isa = PBXFileReference; lastKnownFileType = sourcecode.swift; path = BatchRepo.swift; sourceTree = "<group>"; };
		EE9F53DA277F2EA1007F2FDE /* SliderRepo.swift */ = {isa = PBXFileReference; lastKnownFileType = sourcecode.swift; path = SliderRepo.swift; sourceTree = "<group>"; };
		EE9F53DD277F3984007F2FDE /* SignUpView.swift */ = {isa = PBXFileReference; lastKnownFileType = sourcecode.swift; path = SignUpView.swift; sourceTree = "<group>"; };
		EE9F53E0277F3A2A007F2FDE /* EmailVerificationView.swift */ = {isa = PBXFileReference; lastKnownFileType = sourcecode.swift; path = EmailVerificationView.swift; sourceTree = "<group>"; };
		EE9F53E3277F3F3E007F2FDE /* ForgotPasswordView.swift */ = {isa = PBXFileReference; lastKnownFileType = sourcecode.swift; path = ForgotPasswordView.swift; sourceTree = "<group>"; };
		EE9F53E5277F42A6007F2FDE /* AuthVM.swift */ = {isa = PBXFileReference; lastKnownFileType = sourcecode.swift; path = AuthVM.swift; sourceTree = "<group>"; };
		EE9F53E7277F4521007F2FDE /* InputView.swift */ = {isa = PBXFileReference; lastKnownFileType = sourcecode.swift; path = InputView.swift; sourceTree = "<group>"; };
		EE9F53E9277F453D007F2FDE /* ButtonView.swift */ = {isa = PBXFileReference; lastKnownFileType = sourcecode.swift; path = ButtonView.swift; sourceTree = "<group>"; };
		EE9F53EB277F457F007F2FDE /* DecoratorView.swift */ = {isa = PBXFileReference; lastKnownFileType = sourcecode.swift; path = DecoratorView.swift; sourceTree = "<group>"; };
		EE9F53EE27819B07007F2FDE /* KeyChainHelper.swift */ = {isa = PBXFileReference; lastKnownFileType = sourcecode.swift; path = KeyChainHelper.swift; sourceTree = "<group>"; };
		EE9F53F02781A153007F2FDE /* AuthRepo.swift */ = {isa = PBXFileReference; lastKnownFileType = sourcecode.swift; path = AuthRepo.swift; sourceTree = "<group>"; };
		EE9F53F22781A603007F2FDE /* DeviceEntity.swift */ = {isa = PBXFileReference; lastKnownFileType = sourcecode.swift; path = DeviceEntity.swift; sourceTree = "<group>"; };
		EE9F53F52781AA95007F2FDE /* Device.swift */ = {isa = PBXFileReference; lastKnownFileType = sourcecode.swift; path = Device.swift; sourceTree = "<group>"; };
		EE9F53F92781BD2A007F2FDE /* SplashView.swift */ = {isa = PBXFileReference; lastKnownFileType = sourcecode.swift; path = SplashView.swift; sourceTree = "<group>"; };
		EE9F53FB2781CA9C007F2FDE /* SplashVM.swift */ = {isa = PBXFileReference; lastKnownFileType = sourcecode.swift; path = SplashVM.swift; sourceTree = "<group>"; };
		EE9F53FD2781CC1B007F2FDE /* DeviceRepo.swift */ = {isa = PBXFileReference; lastKnownFileType = sourcecode.swift; path = DeviceRepo.swift; sourceTree = "<group>"; };
		EE9F53FF2781DEE0007F2FDE /* Alerts.swift */ = {isa = PBXFileReference; lastKnownFileType = sourcecode.swift; path = Alerts.swift; sourceTree = "<group>"; };
/* End PBXFileReference section */

/* Begin PBXFrameworksBuildPhase section */
		EE6FB04F274F1A1200ACC6E8 /* Frameworks */ = {
			isa = PBXFrameworksBuildPhase;
			buildActionMask = 2147483647;
			files = (
			);
			runOnlyForDeploymentPostprocessing = 0;
		};
		EE6FB05F274F1A1400ACC6E8 /* Frameworks */ = {
			isa = PBXFrameworksBuildPhase;
			buildActionMask = 2147483647;
			files = (
			);
			runOnlyForDeploymentPostprocessing = 0;
		};
		EE6FB069274F1A1400ACC6E8 /* Frameworks */ = {
			isa = PBXFrameworksBuildPhase;
			buildActionMask = 2147483647;
			files = (
			);
			runOnlyForDeploymentPostprocessing = 0;
		};
/* End PBXFrameworksBuildPhase section */

/* Begin PBXGroup section */
		EE3508BB277AD2DD00348877 /* data */ = {
			isa = PBXGroup;
			children = (
				EE9F53ED27819AE4007F2FDE /* db */,
				EE9F53D1277F1C22007F2FDE /* repo */,
				EE9F53D0277F1BEE007F2FDE /* entity */,
				EE3508BE277AD2DD00348877 /* remote */,
				EE3508BC277AD2DD00348877 /* Constant.swift */,
				EE9F53D6277F20F6007F2FDE /* RepoError.swift */,
			);
			path = data;
			sourceTree = "<group>";
		};
		EE3508BE277AD2DD00348877 /* remote */ = {
			isa = PBXGroup;
			children = (
				EE3508BF277AD2DD00348877 /* Response.swift */,
			);
			path = remote;
			sourceTree = "<group>";
		};
		EE3508C0277AD2DD00348877 /* ui */ = {
			isa = PBXGroup;
			children = (
				EE9F53F72781BA41007F2FDE /* splash */,
				EE9F53E2277F3F2D007F2FDE /* forgotpassword */,
				EE9F53DF277F3A19007F2FDE /* emailverification */,
				EE9F53DC277F3978007F2FDE /* signup */,
				EE350901277B7C9400348877 /* faculty */,
				EE3508FE277B7C4D00348877 /* notification */,
				EE3508FB277B7C2400348877 /* signin */,
				EE3508C1277AD2DD00348877 /* home */,
				EE3508C4277AD2DD00348877 /* common */,
				EE7560B02783399A00D39354 /* ProfileView.swift */,
			);
			path = ui;
			sourceTree = "<group>";
		};
		EE3508C1277AD2DD00348877 /* home */ = {
			isa = PBXGroup;
			children = (
				EE3508C3277AD2DD00348877 /* HomeView.swift */,
				EE3508EF277B54CE00348877 /* FacultyListView.swift */,
				EE3508F1277B6D1000348877 /* SlidersView.swift */,
				EE3508F5277B6DFA00348877 /* SectionTitle.swift */,
				EE3508F7277B6E2400348877 /* InformationCornerListView.swift */,
				EE3508F9277B6EB600348877 /* OptionsListView.swift */,
			);
			path = home;
			sourceTree = "<group>";
		};
		EE3508C4277AD2DD00348877 /* common */ = {
			isa = PBXGroup;
			children = (
				EE3508C5277AD2DD00348877 /* LoadingView.swift */,
				EE3508C6277AD2DD00348877 /* ErrorView.swift */,
				EE9F53E7277F4521007F2FDE /* InputView.swift */,
				EE9F53E9277F453D007F2FDE /* ButtonView.swift */,
				EE9F53EB277F457F007F2FDE /* DecoratorView.swift */,
				EE9F53FF2781DEE0007F2FDE /* Alerts.swift */,
			);
			path = common;
			sourceTree = "<group>";
		};
		EE3508C7277AD2DE00348877 /* util */ = {
			isa = PBXGroup;
			children = (
				EE9F53F42781AA6A007F2FDE /* helper */,
				EE3508C8277AD2DE00348877 /* extension */,
				EE3508CA277AD2DE00348877 /* network */,
				EE3508CC277AD2DE00348877 /* view */,
			);
			path = util;
			sourceTree = "<group>";
		};
		EE3508C8277AD2DE00348877 /* extension */ = {
			isa = PBXGroup;
			children = (
				EE9F53F52781AA95007F2FDE /* Device.swift */,
				EE3508C9277AD2DE00348877 /* Color.swift */,
				EE7560A62782F23F00D39354 /* Converter.swift */,
			);
			path = extension;
			sourceTree = "<group>";
		};
		EE3508CA277AD2DE00348877 /* network */ = {
			isa = PBXGroup;
			children = (
				EE3508DB277AD69E00348877 /* service */,
				EE3508CB277AD2DE00348877 /* ApiError.swift */,
			);
			path = network;
			sourceTree = "<group>";
		};
		EE3508CC277AD2DE00348877 /* view */ = {
			isa = PBXGroup;
			children = (
				EE3508CD277AD2DE00348877 /* imageslider */,
			);
			path = view;
			sourceTree = "<group>";
		};
		EE3508CD277AD2DE00348877 /* imageslider */ = {
			isa = PBXGroup;
			children = (
				EE3508CE277AD2DE00348877 /* ImageSliderItemView.swift */,
				EE3508CF277AD2DE00348877 /* ImageSliderView.swift */,
			);
			path = imageslider;
			sourceTree = "<group>";
		};
		EE3508DB277AD69E00348877 /* service */ = {
			isa = PBXGroup;
			children = (
				EE3508E3277B030B00348877 /* slider */,
				EE3508E4277B4D6B00348877 /* ApiServiceProtocol.swift */,
				EE3508E6277B4DCD00348877 /* ApiService.swift */,
				EE3508ED277B502400348877 /* ApiMockService.swift */,
				EE7560A82783041D00D39354 /* Params.swift */,
			);
			path = service;
			sourceTree = "<group>";
		};
		EE3508E2277B02D300348877 /* viewmodel */ = {
			isa = PBXGroup;
			children = (
				EE3508C2277AD2DD00348877 /* SliderVM.swift */,
				EE3508E8277B4E7600348877 /* FacultyVM.swift */,
				EE9F53C8277F16D8007F2FDE /* BatchVM.swift */,
				EE9F53CA277F1736007F2FDE /* BaseVM.swift */,
				EE9F53E5277F42A6007F2FDE /* AuthVM.swift */,
				EE9F53FB2781CA9C007F2FDE /* SplashVM.swift */,
			);
			path = viewmodel;
			sourceTree = "<group>";
		};
		EE3508E3277B030B00348877 /* slider */ = {
			isa = PBXGroup;
			children = (
				EE3508DC277AD6B800348877 /* SliderApiService.swift */,
				EE3508DE277AFAD800348877 /* SliderApiMockService.swift */,
				EE3508E0277AFAF000348877 /* SliderApiServiceProtocol.swift */,
			);
			path = slider;
			sourceTree = "<group>";
		};
		EE3508FB277B7C2400348877 /* signin */ = {
			isa = PBXGroup;
			children = (
				EE3508FC277B7C3600348877 /* SignInView.swift */,
			);
			path = signin;
			sourceTree = "<group>";
		};
		EE3508FE277B7C4D00348877 /* notification */ = {
			isa = PBXGroup;
			children = (
				EE3508FF277B7C6300348877 /* NotificationView.swift */,
			);
			path = notification;
			sourceTree = "<group>";
		};
		EE350901277B7C9400348877 /* faculty */ = {
			isa = PBXGroup;
			children = (
				EE350902277B7C9E00348877 /* FacultyView.swift */,
				EE7560B22784165200D39354 /* BatchListView.swift */,
				EE7560B4278417D300D39354 /* StudentListView.swift */,
			);
			path = faculty;
			sourceTree = "<group>";
		};
		EE6FB049274F1A1200ACC6E8 = {
			isa = PBXGroup;
			children = (
				EE6FB054274F1A1200ACC6E8 /* PSTUian */,
				EE6FB065274F1A1400ACC6E8 /* PSTUianTests */,
				EE6FB06F274F1A1400ACC6E8 /* PSTUianUITests */,
				EE6FB053274F1A1200ACC6E8 /* Products */,
			);
			sourceTree = "<group>";
		};
		EE6FB053274F1A1200ACC6E8 /* Products */ = {
			isa = PBXGroup;
			children = (
				EE6FB052274F1A1200ACC6E8 /* PSTUian.app */,
				EE6FB062274F1A1400ACC6E8 /* PSTUianTests.xctest */,
				EE6FB06C274F1A1400ACC6E8 /* PSTUianUITests.xctest */,
			);
			name = Products;
			sourceTree = "<group>";
		};
		EE6FB054274F1A1200ACC6E8 /* PSTUian */ = {
			isa = PBXGroup;
			children = (
				EE3508BB277AD2DD00348877 /* data */,
				EE3508E2277B02D300348877 /* viewmodel */,
				EE3508C0277AD2DD00348877 /* ui */,
				EE3508C7277AD2DE00348877 /* util */,
				EE6FB055274F1A1300ACC6E8 /* PSTUianApp.swift */,
				EE6FB059274F1A1400ACC6E8 /* Assets.xcassets */,
				EE6FB05B274F1A1400ACC6E8 /* Preview Content */,
			);
			path = PSTUian;
			sourceTree = "<group>";
		};
		EE6FB05B274F1A1400ACC6E8 /* Preview Content */ = {
			isa = PBXGroup;
			children = (
				EE6FB05C274F1A1400ACC6E8 /* Preview Assets.xcassets */,
			);
			path = "Preview Content";
			sourceTree = "<group>";
		};
		EE6FB065274F1A1400ACC6E8 /* PSTUianTests */ = {
			isa = PBXGroup;
			children = (
				EE6FB066274F1A1400ACC6E8 /* SliderTests.swift */,
				EE9F53CC277F19D4007F2FDE /* BatchTests.swift */,
				EE9F53CE277F1A85007F2FDE /* FacultyTests.swift */,
			);
			path = PSTUianTests;
			sourceTree = "<group>";
		};
		EE6FB06F274F1A1400ACC6E8 /* PSTUianUITests */ = {
			isa = PBXGroup;
			children = (
				EE6FB070274F1A1400ACC6E8 /* PSTUianUITests.swift */,
				EE6FB072274F1A1400ACC6E8 /* PSTUianUITestsLaunchTests.swift */,
			);
			path = PSTUianUITests;
			sourceTree = "<group>";
		};
		EE9F53D0277F1BEE007F2FDE /* entity */ = {
			isa = PBXGroup;
			children = (
				EE9F53C6277F1544007F2FDE /* BatchEntity.swift */,
				EE3508EA277B4E9E00348877 /* FacultyEntity.swift */,
				EE3508BD277AD2DD00348877 /* SliderEntity.swift */,
				EE9F53F22781A603007F2FDE /* DeviceEntity.swift */,
				EE7560AA2783088C00D39354 /* ConfigEntity.swift */,
				EE7560AC2783192300D39354 /* StudentEntity.swift */,
				EE7560AE27831A8700D39354 /* TeacherEntity.swift */,
			);
			path = entity;
			sourceTree = "<group>";
		};
		EE9F53D1277F1C22007F2FDE /* repo */ = {
			isa = PBXGroup;
			children = (
				EE9F53D2277F1C4B007F2FDE /* BaseRepo.swift */,
				EE9F53D4277F1E58007F2FDE /* FacultyRepo.swift */,
				EE9F53D8277F2D0B007F2FDE /* BatchRepo.swift */,
				EE9F53DA277F2EA1007F2FDE /* SliderRepo.swift */,
				EE9F53F02781A153007F2FDE /* AuthRepo.swift */,
				EE9F53FD2781CC1B007F2FDE /* DeviceRepo.swift */,
			);
			path = repo;
			sourceTree = "<group>";
		};
		EE9F53DC277F3978007F2FDE /* signup */ = {
			isa = PBXGroup;
			children = (
				EE9F53DD277F3984007F2FDE /* SignUpView.swift */,
			);
			path = signup;
			sourceTree = "<group>";
		};
		EE9F53DF277F3A19007F2FDE /* emailverification */ = {
			isa = PBXGroup;
			children = (
				EE9F53E0277F3A2A007F2FDE /* EmailVerificationView.swift */,
			);
			path = emailverification;
			sourceTree = "<group>";
		};
		EE9F53E2277F3F2D007F2FDE /* forgotpassword */ = {
			isa = PBXGroup;
			children = (
				EE9F53E3277F3F3E007F2FDE /* ForgotPasswordView.swift */,
			);
			path = forgotpassword;
			sourceTree = "<group>";
		};
		EE9F53ED27819AE4007F2FDE /* db */ = {
			isa = PBXGroup;
			children = (
				EE9F53EE27819B07007F2FDE /* KeyChainHelper.swift */,
			);
			path = db;
			sourceTree = "<group>";
		};
		EE9F53F42781AA6A007F2FDE /* helper */ = {
			isa = PBXGroup;
			children = (
			);
			path = helper;
			sourceTree = "<group>";
		};
		EE9F53F72781BA41007F2FDE /* splash */ = {
			isa = PBXGroup;
			children = (
				EE9F53F92781BD2A007F2FDE /* SplashView.swift */,
			);
			path = splash;
			sourceTree = "<group>";
		};
/* End PBXGroup section */

/* Begin PBXNativeTarget section */
		EE6FB051274F1A1200ACC6E8 /* PSTUian */ = {
			isa = PBXNativeTarget;
			buildConfigurationList = EE6FB076274F1A1400ACC6E8 /* Build configuration list for PBXNativeTarget "PSTUian" */;
			buildPhases = (
				EE6FB04E274F1A1200ACC6E8 /* Sources */,
				EE6FB04F274F1A1200ACC6E8 /* Frameworks */,
				EE6FB050274F1A1200ACC6E8 /* Resources */,
			);
			buildRules = (
			);
			dependencies = (
			);
			name = PSTUian;
			productName = PSTUian;
			productReference = EE6FB052274F1A1200ACC6E8 /* PSTUian.app */;
			productType = "com.apple.product-type.application";
		};
		EE6FB061274F1A1400ACC6E8 /* PSTUianTests */ = {
			isa = PBXNativeTarget;
			buildConfigurationList = EE6FB079274F1A1400ACC6E8 /* Build configuration list for PBXNativeTarget "PSTUianTests" */;
			buildPhases = (
				EE6FB05E274F1A1400ACC6E8 /* Sources */,
				EE6FB05F274F1A1400ACC6E8 /* Frameworks */,
				EE6FB060274F1A1400ACC6E8 /* Resources */,
			);
			buildRules = (
			);
			dependencies = (
				EE6FB064274F1A1400ACC6E8 /* PBXTargetDependency */,
			);
			name = PSTUianTests;
			productName = PSTUianTests;
			productReference = EE6FB062274F1A1400ACC6E8 /* PSTUianTests.xctest */;
			productType = "com.apple.product-type.bundle.unit-test";
		};
		EE6FB06B274F1A1400ACC6E8 /* PSTUianUITests */ = {
			isa = PBXNativeTarget;
			buildConfigurationList = EE6FB07C274F1A1400ACC6E8 /* Build configuration list for PBXNativeTarget "PSTUianUITests" */;
			buildPhases = (
				EE6FB068274F1A1400ACC6E8 /* Sources */,
				EE6FB069274F1A1400ACC6E8 /* Frameworks */,
				EE6FB06A274F1A1400ACC6E8 /* Resources */,
			);
			buildRules = (
			);
			dependencies = (
				EE6FB06E274F1A1400ACC6E8 /* PBXTargetDependency */,
			);
			name = PSTUianUITests;
			productName = PSTUianUITests;
			productReference = EE6FB06C274F1A1400ACC6E8 /* PSTUianUITests.xctest */;
			productType = "com.apple.product-type.bundle.ui-testing";
		};
/* End PBXNativeTarget section */

/* Begin PBXProject section */
		EE6FB04A274F1A1200ACC6E8 /* Project object */ = {
			isa = PBXProject;
			attributes = {
				BuildIndependentTargetsInParallel = 1;
				LastSwiftUpdateCheck = 1310;
				LastUpgradeCheck = 1310;
				TargetAttributes = {
					EE6FB051274F1A1200ACC6E8 = {
						CreatedOnToolsVersion = 13.1;
					};
					EE6FB061274F1A1400ACC6E8 = {
						CreatedOnToolsVersion = 13.1;
						TestTargetID = EE6FB051274F1A1200ACC6E8;
					};
					EE6FB06B274F1A1400ACC6E8 = {
						CreatedOnToolsVersion = 13.1;
						TestTargetID = EE6FB051274F1A1200ACC6E8;
					};
				};
			};
			buildConfigurationList = EE6FB04D274F1A1200ACC6E8 /* Build configuration list for PBXProject "PSTUian" */;
			compatibilityVersion = "Xcode 13.0";
			developmentRegion = en;
			hasScannedForEncodings = 0;
			knownRegions = (
				en,
				Base,
			);
			mainGroup = EE6FB049274F1A1200ACC6E8;
			productRefGroup = EE6FB053274F1A1200ACC6E8 /* Products */;
			projectDirPath = "";
			projectRoot = "";
			targets = (
				EE6FB051274F1A1200ACC6E8 /* PSTUian */,
				EE6FB061274F1A1400ACC6E8 /* PSTUianTests */,
				EE6FB06B274F1A1400ACC6E8 /* PSTUianUITests */,
			);
		};
/* End PBXProject section */

/* Begin PBXResourcesBuildPhase section */
		EE6FB050274F1A1200ACC6E8 /* Resources */ = {
			isa = PBXResourcesBuildPhase;
			buildActionMask = 2147483647;
			files = (
				EE6FB05D274F1A1400ACC6E8 /* Preview Assets.xcassets in Resources */,
				EE6FB05A274F1A1400ACC6E8 /* Assets.xcassets in Resources */,
			);
			runOnlyForDeploymentPostprocessing = 0;
		};
		EE6FB060274F1A1400ACC6E8 /* Resources */ = {
			isa = PBXResourcesBuildPhase;
			buildActionMask = 2147483647;
			files = (
			);
			runOnlyForDeploymentPostprocessing = 0;
		};
		EE6FB06A274F1A1400ACC6E8 /* Resources */ = {
			isa = PBXResourcesBuildPhase;
			buildActionMask = 2147483647;
			files = (
			);
			runOnlyForDeploymentPostprocessing = 0;
		};
/* End PBXResourcesBuildPhase section */

/* Begin PBXSourcesBuildPhase section */
		EE6FB04E274F1A1200ACC6E8 /* Sources */ = {
			isa = PBXSourcesBuildPhase;
			buildActionMask = 2147483647;
			files = (
				EE3508E5277B4D6B00348877 /* ApiServiceProtocol.swift in Sources */,
				EE3508D3277AD2DE00348877 /* SliderVM.swift in Sources */,
				EE7560A72782F23F00D39354 /* Converter.swift in Sources */,
				EE9F53C7277F1544007F2FDE /* BatchEntity.swift in Sources */,
				EE3508E7277B4DCD00348877 /* ApiService.swift in Sources */,
				EE7560A92783041D00D39354 /* Params.swift in Sources */,
				EE9F53D7277F20F6007F2FDE /* RepoError.swift in Sources */,
				EE3508D1277AD2DE00348877 /* SliderEntity.swift in Sources */,
				EE3508E1277AFAF000348877 /* SliderApiServiceProtocol.swift in Sources */,
				EE3508D2277AD2DE00348877 /* Response.swift in Sources */,
				EE7560B5278417D300D39354 /* StudentListView.swift in Sources */,
				EE3508F8277B6E2400348877 /* InformationCornerListView.swift in Sources */,
				EE7560B32784165200D39354 /* BatchListView.swift in Sources */,
				EE9F53FE2781CC1B007F2FDE /* DeviceRepo.swift in Sources */,
				EE9F54002781DEE0007F2FDE /* Alerts.swift in Sources */,
				EE3508D0277AD2DE00348877 /* Constant.swift in Sources */,
				EE350900277B7C6300348877 /* NotificationView.swift in Sources */,
				EE7560AF27831A8700D39354 /* TeacherEntity.swift in Sources */,
				EE7560B12783399A00D39354 /* ProfileView.swift in Sources */,
				EE3508D7277AD2DE00348877 /* Color.swift in Sources */,
				EE9F53F12781A153007F2FDE /* AuthRepo.swift in Sources */,
				EE9F53D9277F2D0B007F2FDE /* BatchRepo.swift in Sources */,
				EE3508EE277B502400348877 /* ApiMockService.swift in Sources */,
				EE9F53DE277F3984007F2FDE /* SignUpView.swift in Sources */,
				EE3508DA277AD2DE00348877 /* ImageSliderView.swift in Sources */,
				EE9F53FA2781BD2A007F2FDE /* SplashView.swift in Sources */,
				EE3508FA277B6EB600348877 /* OptionsListView.swift in Sources */,
				EE9F53FC2781CA9C007F2FDE /* SplashVM.swift in Sources */,
				EE3508FD277B7C3600348877 /* SignInView.swift in Sources */,
				EE3508F0277B54CE00348877 /* FacultyListView.swift in Sources */,
				EE3508F2277B6D1000348877 /* SlidersView.swift in Sources */,
				EE9F53EA277F453D007F2FDE /* ButtonView.swift in Sources */,
				EE9F53E6277F42A6007F2FDE /* AuthVM.swift in Sources */,
				EE9F53CB277F1736007F2FDE /* BaseVM.swift in Sources */,
				EE3508D4277AD2DE00348877 /* HomeView.swift in Sources */,
				EE9F53EC277F457F007F2FDE /* DecoratorView.swift in Sources */,
				EE3508DD277AD6B800348877 /* SliderApiService.swift in Sources */,
				EE9F53C9277F16D8007F2FDE /* BatchVM.swift in Sources */,
				EE7560AD2783192300D39354 /* StudentEntity.swift in Sources */,
				EE9F53EF27819B07007F2FDE /* KeyChainHelper.swift in Sources */,
				EE6FB056274F1A1300ACC6E8 /* PSTUianApp.swift in Sources */,
				EE9F53DB277F2EA1007F2FDE /* SliderRepo.swift in Sources */,
				EE9F53D5277F1E58007F2FDE /* FacultyRepo.swift in Sources */,
				EE350903277B7C9E00348877 /* FacultyView.swift in Sources */,
				EE3508D9277AD2DE00348877 /* ImageSliderItemView.swift in Sources */,
				EE3508D6277AD2DE00348877 /* ErrorView.swift in Sources */,
				EE3508D8277AD2DE00348877 /* ApiError.swift in Sources */,
				EE9F53D3277F1C4B007F2FDE /* BaseRepo.swift in Sources */,
				EE9F53E1277F3A2A007F2FDE /* EmailVerificationView.swift in Sources */,
				EE3508E9277B4E7600348877 /* FacultyVM.swift in Sources */,
				EE9F53E8277F4521007F2FDE /* InputView.swift in Sources */,
				EE9F53E4277F3F3E007F2FDE /* ForgotPasswordView.swift in Sources */,
				EE3508DF277AFAD800348877 /* SliderApiMockService.swift in Sources */,
				EE3508F6277B6DFA00348877 /* SectionTitle.swift in Sources */,
				EE3508EB277B4E9E00348877 /* FacultyEntity.swift in Sources */,
				EE9F53F62781AA95007F2FDE /* Device.swift in Sources */,
				EE9F53F32781A603007F2FDE /* DeviceEntity.swift in Sources */,
				EE7560AB2783088C00D39354 /* ConfigEntity.swift in Sources */,
				EE3508D5277AD2DE00348877 /* LoadingView.swift in Sources */,
			);
			runOnlyForDeploymentPostprocessing = 0;
		};
		EE6FB05E274F1A1400ACC6E8 /* Sources */ = {
			isa = PBXSourcesBuildPhase;
			buildActionMask = 2147483647;
			files = (
				EE9F53CF277F1A85007F2FDE /* FacultyTests.swift in Sources */,
				EE9F53CD277F19D4007F2FDE /* BatchTests.swift in Sources */,
				EE6FB067274F1A1400ACC6E8 /* SliderTests.swift in Sources */,
			);
			runOnlyForDeploymentPostprocessing = 0;
		};
		EE6FB068274F1A1400ACC6E8 /* Sources */ = {
			isa = PBXSourcesBuildPhase;
			buildActionMask = 2147483647;
			files = (
				EE6FB071274F1A1400ACC6E8 /* PSTUianUITests.swift in Sources */,
				EE6FB073274F1A1400ACC6E8 /* PSTUianUITestsLaunchTests.swift in Sources */,
			);
			runOnlyForDeploymentPostprocessing = 0;
		};
/* End PBXSourcesBuildPhase section */

/* Begin PBXTargetDependency section */
		EE6FB064274F1A1400ACC6E8 /* PBXTargetDependency */ = {
			isa = PBXTargetDependency;
			target = EE6FB051274F1A1200ACC6E8 /* PSTUian */;
			targetProxy = EE6FB063274F1A1400ACC6E8 /* PBXContainerItemProxy */;
		};
		EE6FB06E274F1A1400ACC6E8 /* PBXTargetDependency */ = {
			isa = PBXTargetDependency;
			target = EE6FB051274F1A1200ACC6E8 /* PSTUian */;
			targetProxy = EE6FB06D274F1A1400ACC6E8 /* PBXContainerItemProxy */;
		};
/* End PBXTargetDependency section */

/* Begin XCBuildConfiguration section */
		EE6FB074274F1A1400ACC6E8 /* Debug */ = {
			isa = XCBuildConfiguration;
			buildSettings = {
				ALWAYS_SEARCH_USER_PATHS = NO;
				CLANG_ANALYZER_NONNULL = YES;
				CLANG_ANALYZER_NUMBER_OBJECT_CONVERSION = YES_AGGRESSIVE;
				CLANG_CXX_LANGUAGE_STANDARD = "gnu++17";
				CLANG_CXX_LIBRARY = "libc++";
				CLANG_ENABLE_MODULES = YES;
				CLANG_ENABLE_OBJC_ARC = YES;
				CLANG_ENABLE_OBJC_WEAK = YES;
				CLANG_WARN_BLOCK_CAPTURE_AUTORELEASING = YES;
				CLANG_WARN_BOOL_CONVERSION = YES;
				CLANG_WARN_COMMA = YES;
				CLANG_WARN_CONSTANT_CONVERSION = YES;
				CLANG_WARN_DEPRECATED_OBJC_IMPLEMENTATIONS = YES;
				CLANG_WARN_DIRECT_OBJC_ISA_USAGE = YES_ERROR;
				CLANG_WARN_DOCUMENTATION_COMMENTS = YES;
				CLANG_WARN_EMPTY_BODY = YES;
				CLANG_WARN_ENUM_CONVERSION = YES;
				CLANG_WARN_INFINITE_RECURSION = YES;
				CLANG_WARN_INT_CONVERSION = YES;
				CLANG_WARN_NON_LITERAL_NULL_CONVERSION = YES;
				CLANG_WARN_OBJC_IMPLICIT_RETAIN_SELF = YES;
				CLANG_WARN_OBJC_LITERAL_CONVERSION = YES;
				CLANG_WARN_OBJC_ROOT_CLASS = YES_ERROR;
				CLANG_WARN_QUOTED_INCLUDE_IN_FRAMEWORK_HEADER = YES;
				CLANG_WARN_RANGE_LOOP_ANALYSIS = YES;
				CLANG_WARN_STRICT_PROTOTYPES = YES;
				CLANG_WARN_SUSPICIOUS_MOVE = YES;
				CLANG_WARN_UNGUARDED_AVAILABILITY = YES_AGGRESSIVE;
				CLANG_WARN_UNREACHABLE_CODE = YES;
				CLANG_WARN__DUPLICATE_METHOD_MATCH = YES;
				COPY_PHASE_STRIP = NO;
				DEBUG_INFORMATION_FORMAT = dwarf;
				ENABLE_STRICT_OBJC_MSGSEND = YES;
				ENABLE_TESTABILITY = YES;
				GCC_C_LANGUAGE_STANDARD = gnu11;
				GCC_DYNAMIC_NO_PIC = NO;
				GCC_NO_COMMON_BLOCKS = YES;
				GCC_OPTIMIZATION_LEVEL = 0;
				GCC_PREPROCESSOR_DEFINITIONS = (
					"DEBUG=1",
					"$(inherited)",
				);
				GCC_WARN_64_TO_32_BIT_CONVERSION = YES;
				GCC_WARN_ABOUT_RETURN_TYPE = YES_ERROR;
				GCC_WARN_UNDECLARED_SELECTOR = YES;
				GCC_WARN_UNINITIALIZED_AUTOS = YES_AGGRESSIVE;
				GCC_WARN_UNUSED_FUNCTION = YES;
				GCC_WARN_UNUSED_VARIABLE = YES;
				IPHONEOS_DEPLOYMENT_TARGET = 15.0;
				MTL_ENABLE_DEBUG_INFO = INCLUDE_SOURCE;
				MTL_FAST_MATH = YES;
				ONLY_ACTIVE_ARCH = YES;
				SDKROOT = iphoneos;
				SWIFT_ACTIVE_COMPILATION_CONDITIONS = DEBUG;
				SWIFT_OPTIMIZATION_LEVEL = "-Onone";
			};
			name = Debug;
		};
		EE6FB075274F1A1400ACC6E8 /* Release */ = {
			isa = XCBuildConfiguration;
			buildSettings = {
				ALWAYS_SEARCH_USER_PATHS = NO;
				CLANG_ANALYZER_NONNULL = YES;
				CLANG_ANALYZER_NUMBER_OBJECT_CONVERSION = YES_AGGRESSIVE;
				CLANG_CXX_LANGUAGE_STANDARD = "gnu++17";
				CLANG_CXX_LIBRARY = "libc++";
				CLANG_ENABLE_MODULES = YES;
				CLANG_ENABLE_OBJC_ARC = YES;
				CLANG_ENABLE_OBJC_WEAK = YES;
				CLANG_WARN_BLOCK_CAPTURE_AUTORELEASING = YES;
				CLANG_WARN_BOOL_CONVERSION = YES;
				CLANG_WARN_COMMA = YES;
				CLANG_WARN_CONSTANT_CONVERSION = YES;
				CLANG_WARN_DEPRECATED_OBJC_IMPLEMENTATIONS = YES;
				CLANG_WARN_DIRECT_OBJC_ISA_USAGE = YES_ERROR;
				CLANG_WARN_DOCUMENTATION_COMMENTS = YES;
				CLANG_WARN_EMPTY_BODY = YES;
				CLANG_WARN_ENUM_CONVERSION = YES;
				CLANG_WARN_INFINITE_RECURSION = YES;
				CLANG_WARN_INT_CONVERSION = YES;
				CLANG_WARN_NON_LITERAL_NULL_CONVERSION = YES;
				CLANG_WARN_OBJC_IMPLICIT_RETAIN_SELF = YES;
				CLANG_WARN_OBJC_LITERAL_CONVERSION = YES;
				CLANG_WARN_OBJC_ROOT_CLASS = YES_ERROR;
				CLANG_WARN_QUOTED_INCLUDE_IN_FRAMEWORK_HEADER = YES;
				CLANG_WARN_RANGE_LOOP_ANALYSIS = YES;
				CLANG_WARN_STRICT_PROTOTYPES = YES;
				CLANG_WARN_SUSPICIOUS_MOVE = YES;
				CLANG_WARN_UNGUARDED_AVAILABILITY = YES_AGGRESSIVE;
				CLANG_WARN_UNREACHABLE_CODE = YES;
				CLANG_WARN__DUPLICATE_METHOD_MATCH = YES;
				COPY_PHASE_STRIP = NO;
				DEBUG_INFORMATION_FORMAT = "dwarf-with-dsym";
				ENABLE_NS_ASSERTIONS = NO;
				ENABLE_STRICT_OBJC_MSGSEND = YES;
				GCC_C_LANGUAGE_STANDARD = gnu11;
				GCC_NO_COMMON_BLOCKS = YES;
				GCC_WARN_64_TO_32_BIT_CONVERSION = YES;
				GCC_WARN_ABOUT_RETURN_TYPE = YES_ERROR;
				GCC_WARN_UNDECLARED_SELECTOR = YES;
				GCC_WARN_UNINITIALIZED_AUTOS = YES_AGGRESSIVE;
				GCC_WARN_UNUSED_FUNCTION = YES;
				GCC_WARN_UNUSED_VARIABLE = YES;
				IPHONEOS_DEPLOYMENT_TARGET = 15.0;
				MTL_ENABLE_DEBUG_INFO = NO;
				MTL_FAST_MATH = YES;
				SDKROOT = iphoneos;
				SWIFT_COMPILATION_MODE = wholemodule;
				SWIFT_OPTIMIZATION_LEVEL = "-O";
				VALIDATE_PRODUCT = YES;
			};
			name = Release;
		};
		EE6FB077274F1A1400ACC6E8 /* Debug */ = {
			isa = XCBuildConfiguration;
			buildSettings = {
				ASSETCATALOG_COMPILER_APPICON_NAME = AppIcon;
				ASSETCATALOG_COMPILER_GLOBAL_ACCENT_COLOR_NAME = AccentColor;
				CODE_SIGN_STYLE = Automatic;
				CURRENT_PROJECT_VERSION = 1;
				DEVELOPMENT_ASSET_PATHS = "\"PSTUian/Preview Content\"";
				DEVELOPMENT_TEAM = 8WJFWCZXP2;
				ENABLE_PREVIEWS = YES;
				GENERATE_INFOPLIST_FILE = YES;
				INFOPLIST_FILE = PSTUian/Info.plist;
				INFOPLIST_KEY_UIApplicationSceneManifest_Generation = YES;
				INFOPLIST_KEY_UIApplicationSupportsIndirectInputEvents = YES;
				INFOPLIST_KEY_UISupportedInterfaceOrientations_iPad = "UIInterfaceOrientationPortrait UIInterfaceOrientationPortraitUpsideDown UIInterfaceOrientationLandscapeLeft UIInterfaceOrientationLandscapeRight";
				INFOPLIST_KEY_UISupportedInterfaceOrientations_iPhone = "UIInterfaceOrientationPortrait UIInterfaceOrientationLandscapeLeft UIInterfaceOrientationLandscapeRight";
				LD_RUNPATH_SEARCH_PATHS = (
					"$(inherited)",
					"@executable_path/Frameworks",
				);
				MARKETING_VERSION = 1.0;
				PRODUCT_BUNDLE_IDENTIFIER = com.wokfort.PSTUian;
				PRODUCT_NAME = "$(TARGET_NAME)";
				SWIFT_EMIT_LOC_STRINGS = YES;
				SWIFT_VERSION = 5.0;
				TARGETED_DEVICE_FAMILY = "1,2";
			};
			name = Debug;
		};
		EE6FB078274F1A1400ACC6E8 /* Release */ = {
			isa = XCBuildConfiguration;
			buildSettings = {
				ASSETCATALOG_COMPILER_APPICON_NAME = AppIcon;
				ASSETCATALOG_COMPILER_GLOBAL_ACCENT_COLOR_NAME = AccentColor;
				CODE_SIGN_STYLE = Automatic;
				CURRENT_PROJECT_VERSION = 1;
				DEVELOPMENT_ASSET_PATHS = "\"PSTUian/Preview Content\"";
				DEVELOPMENT_TEAM = 8WJFWCZXP2;
				ENABLE_PREVIEWS = YES;
				GENERATE_INFOPLIST_FILE = YES;
				INFOPLIST_FILE = PSTUian/Info.plist;
				INFOPLIST_KEY_UIApplicationSceneManifest_Generation = YES;
				INFOPLIST_KEY_UIApplicationSupportsIndirectInputEvents = YES;
				INFOPLIST_KEY_UISupportedInterfaceOrientations_iPad = "UIInterfaceOrientationPortrait UIInterfaceOrientationPortraitUpsideDown UIInterfaceOrientationLandscapeLeft UIInterfaceOrientationLandscapeRight";
				INFOPLIST_KEY_UISupportedInterfaceOrientations_iPhone = "UIInterfaceOrientationPortrait UIInterfaceOrientationLandscapeLeft UIInterfaceOrientationLandscapeRight";
				LD_RUNPATH_SEARCH_PATHS = (
					"$(inherited)",
					"@executable_path/Frameworks",
				);
				MARKETING_VERSION = 1.0;
				PRODUCT_BUNDLE_IDENTIFIER = com.wokfort.PSTUian;
				PRODUCT_NAME = "$(TARGET_NAME)";
				SWIFT_EMIT_LOC_STRINGS = YES;
				SWIFT_VERSION = 5.0;
				TARGETED_DEVICE_FAMILY = "1,2";
			};
			name = Release;
		};
		EE6FB07A274F1A1400ACC6E8 /* Debug */ = {
			isa = XCBuildConfiguration;
			buildSettings = {
				ALWAYS_EMBED_SWIFT_STANDARD_LIBRARIES = YES;
				BUNDLE_LOADER = "$(TEST_HOST)";
				CODE_SIGN_STYLE = Automatic;
				CURRENT_PROJECT_VERSION = 1;
				DEVELOPMENT_TEAM = 8WJFWCZXP2;
				GENERATE_INFOPLIST_FILE = YES;
				IPHONEOS_DEPLOYMENT_TARGET = 15.0;
				LD_RUNPATH_SEARCH_PATHS = (
					"$(inherited)",
					"@executable_path/Frameworks",
					"@loader_path/Frameworks",
				);
				MARKETING_VERSION = 1.0;
				PRODUCT_BUNDLE_IDENTIFIER = com.wokfort.PSTUianTests;
				PRODUCT_NAME = "$(TARGET_NAME)";
				SWIFT_EMIT_LOC_STRINGS = NO;
				SWIFT_VERSION = 5.0;
				TARGETED_DEVICE_FAMILY = "1,2";
				TEST_HOST = "$(BUILT_PRODUCTS_DIR)/PSTUian.app/PSTUian";
			};
			name = Debug;
		};
		EE6FB07B274F1A1400ACC6E8 /* Release */ = {
			isa = XCBuildConfiguration;
			buildSettings = {
				ALWAYS_EMBED_SWIFT_STANDARD_LIBRARIES = YES;
				BUNDLE_LOADER = "$(TEST_HOST)";
				CODE_SIGN_STYLE = Automatic;
				CURRENT_PROJECT_VERSION = 1;
				DEVELOPMENT_TEAM = 8WJFWCZXP2;
				GENERATE_INFOPLIST_FILE = YES;
				IPHONEOS_DEPLOYMENT_TARGET = 15.0;
				LD_RUNPATH_SEARCH_PATHS = (
					"$(inherited)",
					"@executable_path/Frameworks",
					"@loader_path/Frameworks",
				);
				MARKETING_VERSION = 1.0;
				PRODUCT_BUNDLE_IDENTIFIER = com.wokfort.PSTUianTests;
				PRODUCT_NAME = "$(TARGET_NAME)";
				SWIFT_EMIT_LOC_STRINGS = NO;
				SWIFT_VERSION = 5.0;
				TARGETED_DEVICE_FAMILY = "1,2";
				TEST_HOST = "$(BUILT_PRODUCTS_DIR)/PSTUian.app/PSTUian";
			};
			name = Release;
		};
		EE6FB07D274F1A1400ACC6E8 /* Debug */ = {
			isa = XCBuildConfiguration;
			buildSettings = {
				ALWAYS_EMBED_SWIFT_STANDARD_LIBRARIES = YES;
				CODE_SIGN_STYLE = Automatic;
				CURRENT_PROJECT_VERSION = 1;
				DEVELOPMENT_TEAM = 8WJFWCZXP2;
				GENERATE_INFOPLIST_FILE = YES;
				LD_RUNPATH_SEARCH_PATHS = (
					"$(inherited)",
					"@executable_path/Frameworks",
					"@loader_path/Frameworks",
				);
				MARKETING_VERSION = 1.0;
				PRODUCT_BUNDLE_IDENTIFIER = com.wokfort.PSTUianUITests;
				PRODUCT_NAME = "$(TARGET_NAME)";
				SWIFT_EMIT_LOC_STRINGS = NO;
				SWIFT_VERSION = 5.0;
				TARGETED_DEVICE_FAMILY = "1,2";
				TEST_TARGET_NAME = PSTUian;
			};
			name = Debug;
		};
		EE6FB07E274F1A1400ACC6E8 /* Release */ = {
			isa = XCBuildConfiguration;
			buildSettings = {
				ALWAYS_EMBED_SWIFT_STANDARD_LIBRARIES = YES;
				CODE_SIGN_STYLE = Automatic;
				CURRENT_PROJECT_VERSION = 1;
				DEVELOPMENT_TEAM = 8WJFWCZXP2;
				GENERATE_INFOPLIST_FILE = YES;
				LD_RUNPATH_SEARCH_PATHS = (
					"$(inherited)",
					"@executable_path/Frameworks",
					"@loader_path/Frameworks",
				);
				MARKETING_VERSION = 1.0;
				PRODUCT_BUNDLE_IDENTIFIER = com.wokfort.PSTUianUITests;
				PRODUCT_NAME = "$(TARGET_NAME)";
				SWIFT_EMIT_LOC_STRINGS = NO;
				SWIFT_VERSION = 5.0;
				TARGETED_DEVICE_FAMILY = "1,2";
				TEST_TARGET_NAME = PSTUian;
			};
			name = Release;
		};
/* End XCBuildConfiguration section */

/* Begin XCConfigurationList section */
		EE6FB04D274F1A1200ACC6E8 /* Build configuration list for PBXProject "PSTUian" */ = {
			isa = XCConfigurationList;
			buildConfigurations = (
				EE6FB074274F1A1400ACC6E8 /* Debug */,
				EE6FB075274F1A1400ACC6E8 /* Release */,
			);
			defaultConfigurationIsVisible = 0;
			defaultConfigurationName = Release;
		};
		EE6FB076274F1A1400ACC6E8 /* Build configuration list for PBXNativeTarget "PSTUian" */ = {
			isa = XCConfigurationList;
			buildConfigurations = (
				EE6FB077274F1A1400ACC6E8 /* Debug */,
				EE6FB078274F1A1400ACC6E8 /* Release */,
			);
			defaultConfigurationIsVisible = 0;
			defaultConfigurationName = Release;
		};
		EE6FB079274F1A1400ACC6E8 /* Build configuration list for PBXNativeTarget "PSTUianTests" */ = {
			isa = XCConfigurationList;
			buildConfigurations = (
				EE6FB07A274F1A1400ACC6E8 /* Debug */,
				EE6FB07B274F1A1400ACC6E8 /* Release */,
			);
			defaultConfigurationIsVisible = 0;
			defaultConfigurationName = Release;
		};
		EE6FB07C274F1A1400ACC6E8 /* Build configuration list for PBXNativeTarget "PSTUianUITests" */ = {
			isa = XCConfigurationList;
			buildConfigurations = (
				EE6FB07D274F1A1400ACC6E8 /* Debug */,
				EE6FB07E274F1A1400ACC6E8 /* Release */,
			);
			defaultConfigurationIsVisible = 0;
			defaultConfigurationName = Release;
		};
/* End XCConfigurationList section */
	};
	rootObject = EE6FB04A274F1A1200ACC6E8 /* Project object */;
}
